// !$*UTF8*$!
{
	archiveVersion = 1;
	classes = {
	};
	objectVersion = 46;
	objects = {

/* Begin PBXBuildFile section */
		468556EA1BF8E855008916DF /* AppDelegate.swift in Sources */ = {isa = PBXBuildFile; fileRef = 468556E91BF8E855008916DF /* AppDelegate.swift */; };
		468556EC1BF8E855008916DF /* GameScene.swift in Sources */ = {isa = PBXBuildFile; fileRef = 468556EB1BF8E855008916DF /* GameScene.swift */; };
		468556EE1BF8E855008916DF /* GameScene.sks in Resources */ = {isa = PBXBuildFile; fileRef = 468556ED1BF8E855008916DF /* GameScene.sks */; };
		468556F01BF8E855008916DF /* Assets.xcassets in Resources */ = {isa = PBXBuildFile; fileRef = 468556EF1BF8E855008916DF /* Assets.xcassets */; };
		468556F31BF8E855008916DF /* MainMenu.xib in Resources */ = {isa = PBXBuildFile; fileRef = 468556F11BF8E855008916DF /* MainMenu.xib */; };
		468556FC1BF8E947008916DF /* Explosion.sks in Resources */ = {isa = PBXBuildFile; fileRef = 468556FA1BF8E947008916DF /* Explosion.sks */; };
		468556FD1BF8E947008916DF /* spark.png in Resources */ = {isa = PBXBuildFile; fileRef = 468556FB1BF8E947008916DF /* spark.png */; };
		46E945001BF8F52200E201FB /* BuzzerTeamNode.swift in Sources */ = {isa = PBXBuildFile; fileRef = 46E944FF1BF8F52200E201FB /* BuzzerTeamNode.swift */; };
		46E945021BF8F60A00E201FB /* TeamBox.sks in Resources */ = {isa = PBXBuildFile; fileRef = 46E945011BF8F60A00E201FB /* TeamBox.sks */; };
		46E945061BF9004C00E201FB /* Particles.sks in Resources */ = {isa = PBXBuildFile; fileRef = 46E945051BF9004C00E201FB /* Particles.sks */; };
		46E945081BF905E200E201FB /* Particles2.sks in Resources */ = {isa = PBXBuildFile; fileRef = 46E945071BF905E200E201FB /* Particles2.sks */; };
/* End PBXBuildFile section */

/* Begin PBXFileReference section */
		468556E61BF8E855008916DF /* SpriteKitTest.app */ = {isa = PBXFileReference; explicitFileType = wrapper.application; includeInIndex = 0; path = SpriteKitTest.app; sourceTree = BUILT_PRODUCTS_DIR; };
		468556E91BF8E855008916DF /* AppDelegate.swift */ = {isa = PBXFileReference; lastKnownFileType = sourcecode.swift; path = AppDelegate.swift; sourceTree = "<group>"; };
		468556EB1BF8E855008916DF /* GameScene.swift */ = {isa = PBXFileReference; lastKnownFileType = sourcecode.swift; path = GameScene.swift; sourceTree = "<group>"; };
		468556ED1BF8E855008916DF /* GameScene.sks */ = {isa = PBXFileReference; lastKnownFileType = file.sks; path = GameScene.sks; sourceTree = "<group>"; };
		468556EF1BF8E855008916DF /* Assets.xcassets */ = {isa = PBXFileReference; lastKnownFileType = folder.assetcatalog; path = Assets.xcassets; sourceTree = "<group>"; };
		468556F21BF8E855008916DF /* Base */ = {isa = PBXFileReference; lastKnownFileType = file.xib; name = Base; path = Base.lproj/MainMenu.xib; sourceTree = "<group>"; };
		468556F41BF8E855008916DF /* Info.plist */ = {isa = PBXFileReference; lastKnownFileType = text.plist.xml; path = Info.plist; sourceTree = "<group>"; };
		468556FA1BF8E947008916DF /* Explosion.sks */ = {isa = PBXFileReference; lastKnownFileType = file.sks; path = Explosion.sks; sourceTree = "<group>"; };
		468556FB1BF8E947008916DF /* spark.png */ = {isa = PBXFileReference; lastKnownFileType = image.png; path = spark.png; sourceTree = "<group>"; };
		46E944FF1BF8F52200E201FB /* BuzzerTeamNode.swift */ = {isa = PBXFileReference; fileEncoding = 4; lastKnownFileType = sourcecode.swift; path = BuzzerTeamNode.swift; sourceTree = "<group>"; };
		46E945011BF8F60A00E201FB /* TeamBox.sks */ = {isa = PBXFileReference; lastKnownFileType = file.sks; path = TeamBox.sks; sourceTree = "<group>"; };
		46E945051BF9004C00E201FB /* Particles.sks */ = {isa = PBXFileReference; lastKnownFileType = file.sks; path = Particles.sks; sourceTree = "<group>"; };
		46E945071BF905E200E201FB /* Particles2.sks */ = {isa = PBXFileReference; lastKnownFileType = file.sks; path = Particles2.sks; sourceTree = "<group>"; };
/* End PBXFileReference section */

/* Begin PBXFrameworksBuildPhase section */
		468556E31BF8E855008916DF /* Frameworks */ = {
			isa = PBXFrameworksBuildPhase;
			buildActionMask = 2147483647;
			files = (
			);
			runOnlyForDeploymentPostprocessing = 0;
		};
/* End PBXFrameworksBuildPhase section */

/* Begin PBXGroup section */
		468556DD1BF8E855008916DF = {
			isa = PBXGroup;
			children = (
				468556E81BF8E855008916DF /* SpriteKitTest */,
				468556E71BF8E855008916DF /* Products */,
			);
			sourceTree = "<group>";
		};
		468556E71BF8E855008916DF /* Products */ = {
			isa = PBXGroup;
			children = (
				468556E61BF8E855008916DF /* SpriteKitTest.app */,
			);
			name = Products;
			sourceTree = "<group>";
		};
		468556E81BF8E855008916DF /* SpriteKitTest */ = {
			isa = PBXGroup;
			children = (
				468556E91BF8E855008916DF /* AppDelegate.swift */,
				468556EB1BF8E855008916DF /* GameScene.swift */,
				46E944FF1BF8F52200E201FB /* BuzzerTeamNode.swift */,
				46E945011BF8F60A00E201FB /* TeamBox.sks */,
				468556ED1BF8E855008916DF /* GameScene.sks */,
				468556FA1BF8E947008916DF /* Explosion.sks */,
				46E945051BF9004C00E201FB /* Particles.sks */,
				46E945071BF905E200E201FB /* Particles2.sks */,
				468556FB1BF8E947008916DF /* spark.png */,
				468556EF1BF8E855008916DF /* Assets.xcassets */,
				468556F11BF8E855008916DF /* MainMenu.xib */,
				468556F41BF8E855008916DF /* Info.plist */,
			);
			path = SpriteKitTest;
			sourceTree = "<group>";
		};
/* End PBXGroup section */

/* Begin PBXNativeTarget section */
		468556E51BF8E855008916DF /* SpriteKitTest */ = {
			isa = PBXNativeTarget;
			buildConfigurationList = 468556F71BF8E855008916DF /* Build configuration list for PBXNativeTarget "SpriteKitTest" */;
			buildPhases = (
				468556E21BF8E855008916DF /* Sources */,
				468556E31BF8E855008916DF /* Frameworks */,
				468556E41BF8E855008916DF /* Resources */,
			);
			buildRules = (
			);
			dependencies = (
			);
			name = SpriteKitTest;
			productName = SpriteKitTest;
			productReference = 468556E61BF8E855008916DF /* SpriteKitTest.app */;
			productType = "com.apple.product-type.application";
		};
/* End PBXNativeTarget section */

/* Begin PBXProject section */
		468556DE1BF8E855008916DF /* Project object */ = {
			isa = PBXProject;
			attributes = {
				LastSwiftUpdateCheck = 0710;
				LastUpgradeCheck = 0710;
				ORGANIZATIONNAME = "Russell Joyce";
				TargetAttributes = {
					468556E51BF8E855008916DF = {
						CreatedOnToolsVersion = 7.1.1;
					};
				};
			};
			buildConfigurationList = 468556E11BF8E855008916DF /* Build configuration list for PBXProject "SpriteKitTest" */;
			compatibilityVersion = "Xcode 3.2";
			developmentRegion = English;
			hasScannedForEncodings = 0;
			knownRegions = (
				en,
				Base,
			);
			mainGroup = 468556DD1BF8E855008916DF;
			productRefGroup = 468556E71BF8E855008916DF /* Products */;
			projectDirPath = "";
			projectRoot = "";
			targets = (
				468556E51BF8E855008916DF /* SpriteKitTest */,
			);
		};
/* End PBXProject section */

/* Begin PBXResourcesBuildPhase section */
		468556E41BF8E855008916DF /* Resources */ = {
			isa = PBXResourcesBuildPhase;
			buildActionMask = 2147483647;
			files = (
				468556FD1BF8E947008916DF /* spark.png in Resources */,
				468556F01BF8E855008916DF /* Assets.xcassets in Resources */,
				46E945081BF905E200E201FB /* Particles2.sks in Resources */,
				46E945021BF8F60A00E201FB /* TeamBox.sks in Resources */,
				468556FC1BF8E947008916DF /* Explosion.sks in Resources */,
				46E945061BF9004C00E201FB /* Particles.sks in Resources */,
				468556EE1BF8E855008916DF /* GameScene.sks in Resources */,
				468556F31BF8E855008916DF /* MainMenu.xib in Resources */,
			);
			runOnlyForDeploymentPostprocessing = 0;
		};
/* End PBXResourcesBuildPhase section */

/* Begin PBXSourcesBuildPhase section */
		468556E21BF8E855008916DF /* Sources */ = {
			isa = PBXSourcesBuildPhase;
			buildActionMask = 2147483647;
			files = (
				468556EC1BF8E855008916DF /* GameScene.swift in Sources */,
				468556EA1BF8E855008916DF /* AppDelegate.swift in Sources */,
				46E945001BF8F52200E201FB /* BuzzerTeamNode.swift in Sources */,
			);
			runOnlyForDeploymentPostprocessing = 0;
		};
/* End PBXSourcesBuildPhase section */

/* Begin PBXVariantGroup section */
		468556F11BF8E855008916DF /* MainMenu.xib */ = {
			isa = PBXVariantGroup;
			children = (
				468556F21BF8E855008916DF /* Base */,
			);
			name = MainMenu.xib;
			sourceTree = "<group>";
		};
/* End PBXVariantGroup section */

/* Begin XCBuildConfiguration section */
		468556F51BF8E855008916DF /* Debug */ = {
			isa = XCBuildConfiguration;
			buildSettings = {
				ALWAYS_SEARCH_USER_PATHS = NO;
				CLANG_CXX_LANGUAGE_STANDARD = "gnu++0x";
				CLANG_CXX_LIBRARY = "libc++";
				CLANG_ENABLE_MODULES = YES;
				CLANG_ENABLE_OBJC_ARC = YES;
				CLANG_WARN_BOOL_CONVERSION = YES;
				CLANG_WARN_CONSTANT_CONVERSION = YES;
				CLANG_WARN_DIRECT_OBJC_ISA_USAGE = YES_ERROR;
				CLANG_WARN_EMPTY_BODY = YES;
				CLANG_WARN_ENUM_CONVERSION = YES;
				CLANG_WARN_INT_CONVERSION = YES;
				CLANG_WARN_OBJC_ROOT_CLASS = YES_ERROR;
				CLANG_WARN_UNREACHABLE_CODE = YES;
				CLANG_WARN__DUPLICATE_METHOD_MATCH = YES;
				CODE_SIGN_IDENTITY = "-";
				COPY_PHASE_STRIP = NO;
				DEBUG_INFORMATION_FORMAT = "dwarf-with-dsym";
				ENABLE_STRICT_OBJC_MSGSEND = YES;
				ENABLE_TESTABILITY = YES;
				GCC_C_LANGUAGE_STANDARD = gnu99;
				GCC_DYNAMIC_NO_PIC = NO;
				GCC_NO_COMMON_BLOCKS = YES;
				GCC_OPTIMIZATION_LEVEL = 0;
				GCC_PREPROCESSOR_DEFINITIONS = (
					"DEBUG=1",
					"$(inherited)",
				);
				GCC_WARN_64_TO_32_BIT_CONVERSION = YES;
				GCC_WARN_ABOUT_RETURN_TYPE = YES_ERROR;
				GCC_WARN_UNDECLARED_SELECTOR = YES;
				GCC_WARN_UNINITIALIZED_AUTOS = YES_AGGRESSIVE;
				GCC_WARN_UNUSED_FUNCTION = YES;
				GCC_WARN_UNUSED_VARIABLE = YES;
				MACOSX_DEPLOYMENT_TARGET = 10.11;
				MTL_ENABLE_DEBUG_INFO = YES;
				ONLY_ACTIVE_ARCH = YES;
				SDKROOT = macosx;
				SWIFT_OPTIMIZATION_LEVEL = "-Onone";
			};
			name = Debug;
		};
		468556F61BF8E855008916DF /* Release */ = {
			isa = XCBuildConfiguration;
			buildSettings = {
				ALWAYS_SEARCH_USER_PATHS = NO;
				CLANG_CXX_LANGUAGE_STANDARD = "gnu++0x";
				CLANG_CXX_LIBRARY = "libc++";
				CLANG_ENABLE_MODULES = YES;
				CLANG_ENABLE_OBJC_ARC = YES;
				CLANG_WARN_BOOL_CONVERSION = YES;
				CLANG_WARN_CONSTANT_CONVERSION = YES;
				CLANG_WARN_DIRECT_OBJC_ISA_USAGE = YES_ERROR;
				CLANG_WARN_EMPTY_BODY = YES;
				CLANG_WARN_ENUM_CONVERSION = YES;
				CLANG_WARN_INT_CONVERSION = YES;
				CLANG_WARN_OBJC_ROOT_CLASS = YES_ERROR;
				CLANG_WARN_UNREACHABLE_CODE = YES;
				CLANG_WARN__DUPLICATE_METHOD_MATCH = YES;
				CODE_SIGN_IDENTITY = "-";
				COPY_PHASE_STRIP = NO;
				DEBUG_INFORMATION_FORMAT = "dwarf-with-dsym";
				ENABLE_NS_ASSERTIONS = NO;
				ENABLE_STRICT_OBJC_MSGSEND = YES;
				GCC_C_LANGUAGE_STANDARD = gnu99;
				GCC_NO_COMMON_BLOCKS = YES;
				GCC_WARN_64_TO_32_BIT_CONVERSION = YES;
				GCC_WARN_ABOUT_RETURN_TYPE = YES_ERROR;
				GCC_WARN_UNDECLARED_SELECTOR = YES;
				GCC_WARN_UNINITIALIZED_AUTOS = YES_AGGRESSIVE;
				GCC_WARN_UNUSED_FUNCTION = YES;
				GCC_WARN_UNUSED_VARIABLE = YES;
				MACOSX_DEPLOYMENT_TARGET = 10.11;
				MTL_ENABLE_DEBUG_INFO = NO;
				SDKROOT = macosx;
			};
			name = Release;
		};
		468556F81BF8E855008916DF /* Debug */ = {
			isa = XCBuildConfiguration;
			buildSettings = {
				ASSETCATALOG_COMPILER_APPICON_NAME = AppIcon;
				COMBINE_HIDPI_IMAGES = YES;
				INFOPLIST_FILE = SpriteKitTest/Info.plist;
				LD_RUNPATH_SEARCH_PATHS = "$(inherited) @executable_path/../Frameworks";
				PRODUCT_BUNDLE_IDENTIFIER = uk.co.russellj.SpriteKitTest;
				PRODUCT_NAME = "$(TARGET_NAME)";
			};
			name = Debug;
		};
		468556F91BF8E855008916DF /* Release */ = {
			isa = XCBuildConfiguration;
			buildSettings = {
				ASSETCATALOG_COMPILER_APPICON_NAME = AppIcon;
				COMBINE_HIDPI_IMAGES = YES;
				INFOPLIST_FILE = SpriteKitTest/Info.plist;
				LD_RUNPATH_SEARCH_PATHS = "$(inherited) @executable_path/../Frameworks";
				PRODUCT_BUNDLE_IDENTIFIER = uk.co.russellj.SpriteKitTest;
				PRODUCT_NAME = "$(TARGET_NAME)";
			};
			name = Release;
		};
/* End XCBuildConfiguration section */

/* Begin XCConfigurationList section */
		468556E11BF8E855008916DF /* Build configuration list for PBXProject "SpriteKitTest" */ = {
			isa = XCConfigurationList;
			buildConfigurations = (
				468556F51BF8E855008916DF /* Debug */,
				468556F61BF8E855008916DF /* Release */,
			);
			defaultConfigurationIsVisible = 0;
			defaultConfigurationName = Release;
		};
		468556F71BF8E855008916DF /* Build configuration list for PBXNativeTarget "SpriteKitTest" */ = {
			isa = XCConfigurationList;
			buildConfigurations = (
				468556F81BF8E855008916DF /* Debug */,
				468556F91BF8E855008916DF /* Release */,
			);
			defaultConfigurationIsVisible = 0;
			defaultConfigurationName = Release;
		};
/* End XCConfigurationList section */
	};
	rootObject = 468556DE1BF8E855008916DF /* Project object */;
}
