// !$*UTF8*$!
{
	archiveVersion = 1;
	classes = {
	};
	objectVersion = 54;
	objects = {

/* Begin PBXBuildFile section */
		3C1FFA10239E8E33000160B1 /* fireworks.sks in Resources */ = {isa = PBXBuildFile; fileRef = 3C1FFA0F239E8E33000160B1 /* fireworks.sks */; };
		3C2543242B123E7D008A3FDB /* LEDWebSocket.swift in Sources */ = {isa = PBXBuildFile; fileRef = 3C2543232B123E7D008A3FDB /* LEDWebSocket.swift */; };
		3C366CBC1FB9F0A2006BA9B1 /* TextScene.swift in Sources */ = {isa = PBXBuildFile; fileRef = 3C366CBB1FB9F0A2006BA9B1 /* TextScene.swift */; };
		3C378CFC1FBC89A900AD6168 /* TextSceneSparks.sks in Resources */ = {isa = PBXBuildFile; fileRef = 3C378CFA1FBC89A800AD6168 /* TextSceneSparks.sks */; };
		3C5CC8B31C03E18F00308572 /* SparksUp2.sks in Resources */ = {isa = PBXBuildFile; fileRef = 3C5CC8B21C03E18F00308572 /* SparksUp2.sks */; };
		3C5E2A4E1A37D0F9000D6447 /* timer.wav in Resources */ = {isa = PBXBuildFile; fileRef = 3C5E2A4C1A37D0F9000D6447 /* timer.wav */; };
		3C5E2A4F1A37D0F9000D6447 /* timerend.wav in Resources */ = {isa = PBXBuildFile; fileRef = 3C5E2A4D1A37D0F9000D6447 /* timerend.wav */; };
		3C708BF71A379EE1007E24F5 /* buzzer.wav in Resources */ = {isa = PBXBuildFile; fileRef = 3C708BF61A379EE1007E24F5 /* buzzer.wav */; };
		3C77C8A31DEF69E10088B36A /* location.sks in Resources */ = {isa = PBXBuildFile; fileRef = 3C77C8A11DEF69E10088B36A /* location.sks */; };
		3C77C8A41DEF69E10088B36A /* Assets.xcassets in Resources */ = {isa = PBXBuildFile; fileRef = 3C77C8A21DEF69E10088B36A /* Assets.xcassets */; };
		3C7F5E591DF454AA008075B8 /* locationstar.sks in Resources */ = {isa = PBXBuildFile; fileRef = 3C7F5E581DF454AA008075B8 /* locationstar.sks */; };
		3C872EB01C03C3F000A2B397 /* TimerScene.swift in Sources */ = {isa = PBXBuildFile; fileRef = 3C872EAF1C03C3F000A2B397 /* TimerScene.swift */; };
		3C872EB21C03D35100A2B397 /* tick.mp3 in Resources */ = {isa = PBXBuildFile; fileRef = 3C872EB11C03D35100A2B397 /* tick.mp3 */; };
		3C872EB41C03D47A00A2B397 /* blop.mp3 in Resources */ = {isa = PBXBuildFile; fileRef = 3C872EB31C03D47A00A2B397 /* blop.mp3 */; };
		3C872EB61C03D53000A2B397 /* airhorn.mp3 in Resources */ = {isa = PBXBuildFile; fileRef = 3C872EB51C03D53000A2B397 /* airhorn.mp3 */; };
		3C8DD5191FB89672007DA61F /* Starscream.framework in Frameworks */ = {isa = PBXBuildFile; fileRef = 3C6C3C681FB2140B0096D530 /* Starscream.framework */; };
		3C8DD51A1FB89679007DA61F /* Starscream.framework in Embed Frameworks */ = {isa = PBXBuildFile; fileRef = 3C6C3C681FB2140B0096D530 /* Starscream.framework */; settings = {ATTRIBUTES = (CodeSignOnCopy, RemoveHeadersOnCopy, ); }; };
		3C934627237DAEED009DBD0C /* altBuzz1.wav in Resources */ = {isa = PBXBuildFile; fileRef = 3C934626237DAEED009DBD0C /* altBuzz1.wav */; };
		3C934629237DB637009DBD0C /* altBuzz2.wav in Resources */ = {isa = PBXBuildFile; fileRef = 3C934628237DB637009DBD0C /* altBuzz2.wav */; };
		3C93462B237DB6B0009DBD0C /* altBuzz3.wav in Resources */ = {isa = PBXBuildFile; fileRef = 3C93462A237DB6B0009DBD0C /* altBuzz3.wav */; };
		3C93462D237DBF88009DBD0C /* altBuzz4.wav in Resources */ = {isa = PBXBuildFile; fileRef = 3C93462C237DBF88009DBD0C /* altBuzz4.wav */; };
		3C971C902396A50E000346A7 /* emojsplosion.sks in Resources */ = {isa = PBXBuildFile; fileRef = 3C971C8E2396A50E000346A7 /* emojsplosion.sks */; };
		3CD1DF581A306820003DEA9F /* counter_wrong.wav in Resources */ = {isa = PBXBuildFile; fileRef = 3CD1DF541A306820003DEA9F /* counter_wrong.wav */; };
		3CD1DF591A306820003DEA9F /* counter_score100.wav in Resources */ = {isa = PBXBuildFile; fileRef = 3CD1DF551A306820003DEA9F /* counter_score100.wav */; };
		3CD1DF5A1A306820003DEA9F /* counter_soft_end.wav in Resources */ = {isa = PBXBuildFile; fileRef = 3CD1DF561A306820003DEA9F /* counter_soft_end.wav */; };
		3CD1DF5B1A306820003DEA9F /* counter_sting.wav in Resources */ = {isa = PBXBuildFile; fileRef = 3CD1DF571A306820003DEA9F /* counter_sting.wav */; };
		3CD1DF631A3069CC003DEA9F /* QuartzCore.framework in Frameworks */ = {isa = PBXBuildFile; fileRef = 3CD1DF621A3069CC003DEA9F /* QuartzCore.framework */; };
		3CDC49291A378031000203E3 /* TrueFalseViewController.swift in Sources */ = {isa = PBXBuildFile; fileRef = 3CDC49271A378031000203E3 /* TrueFalseViewController.swift */; };
		3CDC492A1A378031000203E3 /* TrueFalseViewController.xib in Resources */ = {isa = PBXBuildFile; fileRef = 3CDC49281A378031000203E3 /* TrueFalseViewController.xib */; };
		3CF41C211C04C7D100785564 /* TimerSpray.sks in Resources */ = {isa = PBXBuildFile; fileRef = 3CF41C1F1C04C7D100785564 /* TimerSpray.sks */; };
		3CF78EFA23954DB9007FC394 /* NumbersScene.swift in Sources */ = {isa = PBXBuildFile; fileRef = 3CF78EF923954DB9007FC394 /* NumbersScene.swift */; };
		3CF78EFD2396A11A007FC394 /* tada.mp3 in Resources */ = {isa = PBXBuildFile; fileRef = 3CF78EFC2396A11A007FC394 /* tada.mp3 */; };
		46056EBA1A19624E00C37628 /* AppDelegate.swift in Sources */ = {isa = PBXBuildFile; fileRef = 46056EB91A19624E00C37628 /* AppDelegate.swift */; };
		46056EBC1A19624E00C37628 /* Images.xcassets in Resources */ = {isa = PBXBuildFile; fileRef = 46056EBB1A19624E00C37628 /* Images.xcassets */; };
		46056EBF1A19624E00C37628 /* MainMenu.xib in Resources */ = {isa = PBXBuildFile; fileRef = 46056EBD1A19624E00C37628 /* MainMenu.xib */; };
		46056ED61A1974A800C37628 /* StartupView.swift in Sources */ = {isa = PBXBuildFile; fileRef = 46056ED51A1974A800C37628 /* StartupView.swift */; };
		4606F5E51BF926E200D2599B /* BuzzParticles.sks in Resources */ = {isa = PBXBuildFile; fileRef = 4606F5E31BF926E200D2599B /* BuzzParticles.sks */; };
		4606F5E61BF926E200D2599B /* BuzzGlow.sks in Resources */ = {isa = PBXBuildFile; fileRef = 4606F5E41BF926E200D2599B /* BuzzGlow.sks */; };
		461672391DF838150049C8D1 /* locationnumber.sks in Resources */ = {isa = PBXBuildFile; fileRef = 461672381DF838150049C8D1 /* locationnumber.sks */; };
		461672431DF87C470049C8D1 /* BoggleSparks.sks in Resources */ = {isa = PBXBuildFile; fileRef = 461672421DF87C470049C8D1 /* BoggleSparks.sks */; };
		4616724A1DF87DA30049C8D1 /* BoggleSparksBonus.sks in Resources */ = {isa = PBXBuildFile; fileRef = 461672491DF87DA30049C8D1 /* BoggleSparksBonus.sks */; };
		4620DC991A30C400006EABA1 /* QuizViewController.swift in Sources */ = {isa = PBXBuildFile; fileRef = 4620DC971A30C400006EABA1 /* QuizViewController.swift */; };
		4620DC9A1A30C400006EABA1 /* QuizView.xib in Resources */ = {isa = PBXBuildFile; fileRef = 4620DC981A30C400006EABA1 /* QuizView.xib */; };
		4634F74F21B6DBD600C9862F /* SnowBackground.sks in Resources */ = {isa = PBXBuildFile; fileRef = 4634F74D21B6DBD600C9862F /* SnowBackground.sks */; };
		463EA5DC2396D6CC00118892 /* scratch2.wav in Resources */ = {isa = PBXBuildFile; fileRef = 463EA5D82396D6CC00118892 /* scratch2.wav */; };
		463EA5DE2396D6CC00118892 /* scratch1.wav in Resources */ = {isa = PBXBuildFile; fileRef = 463EA5DA2396D6CC00118892 /* scratch1.wav */; };
		463EA5DF2396D6CC00118892 /* scratch3.wav in Resources */ = {isa = PBXBuildFile; fileRef = 463EA5DB2396D6CC00118892 /* scratch3.wav */; };
		463FDE821A39039500FA9B3F /* Snowmoji.sks in Resources */ = {isa = PBXBuildFile; fileRef = 463FDE811A39039500FA9B3F /* Snowmoji.sks */; };
		46498C831A3F366700CAFACC /* Snow.sks in Resources */ = {isa = PBXBuildFile; fileRef = 46498C821A3F366700CAFACC /* Snow.sks */; };
		464E19281BE7E44700F0491B /* ORSSerialBuffer.m in Sources */ = {isa = PBXBuildFile; fileRef = 464E191F1BE7E44700F0491B /* ORSSerialBuffer.m */; };
		464E19291BE7E44700F0491B /* ORSSerialPacketDescriptor.m in Sources */ = {isa = PBXBuildFile; fileRef = 464E19211BE7E44700F0491B /* ORSSerialPacketDescriptor.m */; };
		464E192A1BE7E44700F0491B /* ORSSerialPort.m in Sources */ = {isa = PBXBuildFile; fileRef = 464E19231BE7E44700F0491B /* ORSSerialPort.m */; };
		464E192B1BE7E44700F0491B /* ORSSerialPortManager.m in Sources */ = {isa = PBXBuildFile; fileRef = 464E19251BE7E44700F0491B /* ORSSerialPortManager.m */; };
		464E192C1BE7E44700F0491B /* ORSSerialRequest.m in Sources */ = {isa = PBXBuildFile; fileRef = 464E19271BE7E44700F0491B /* ORSSerialRequest.m */; };
		4654E6F31C0B71EF0048F5D9 /* SparksDownImage.sks in Resources */ = {isa = PBXBuildFile; fileRef = 4654E6F21C0B71EF0048F5D9 /* SparksDownImage.sks */; };
		4656CA1B1A39100200A70F91 /* SparksDown.sks in Resources */ = {isa = PBXBuildFile; fileRef = 4656CA1A1A39100200A70F91 /* SparksDown.sks */; };
		46596C801A38DE5900822FB7 /* SpriteKit.framework in Frameworks */ = {isa = PBXBuildFile; fileRef = 46596C7F1A38DE5900822FB7 /* SpriteKit.framework */; };
		46596C831A38E04800822FB7 /* SparksUp.sks in Resources */ = {isa = PBXBuildFile; fileRef = 46596C811A38E04800822FB7 /* SparksUp.sks */; };
		46596C841A38E04800822FB7 /* spark.png in Resources */ = {isa = PBXBuildFile; fileRef = 46596C821A38E04800822FB7 /* spark.png */; };
		465FDFE81A372E5E00734431 /* eight.wav in Resources */ = {isa = PBXBuildFile; fileRef = 465FDFE71A372E5E00734431 /* eight.wav */; };
		466894E9239E99CB009CB9CC /* SnowtopCaps.otf in CopyFiles */ = {isa = PBXBuildFile; fileRef = 466894E7239E99A1009CB9CC /* SnowtopCaps.otf */; };
		466B46D51DEC98E400428CDC /* GeographyScene.swift in Sources */ = {isa = PBXBuildFile; fileRef = 466B46D41DEC98E400428CDC /* GeographyScene.swift */; };
		468B090B1FD6005D0052047A /* Shower.sks in Resources */ = {isa = PBXBuildFile; fileRef = 468B090A1FD6005D0052047A /* Shower.sks */; };
		46A739361BFAAD9800E03DE5 /* SpriteKitViewController.swift in Sources */ = {isa = PBXBuildFile; fileRef = 46A739341BFAAD9800E03DE5 /* SpriteKitViewController.swift */; };
		46A739371BFAAD9800E03DE5 /* SpriteKitViewController.xib in Resources */ = {isa = PBXBuildFile; fileRef = 46A739351BFAAD9800E03DE5 /* SpriteKitViewController.xib */; };
		46A739391BFAB45300E03DE5 /* BuzzerScene.swift in Sources */ = {isa = PBXBuildFile; fileRef = 46A739381BFAB45300E03DE5 /* BuzzerScene.swift */; };
		46A7393B1BFAB46A00E03DE5 /* TestScene.swift in Sources */ = {isa = PBXBuildFile; fileRef = 46A7393A1BFAB46A00E03DE5 /* TestScene.swift */; };
		46A7393D1BFAB7AA00E03DE5 /* BuzzerTeamNode.swift in Sources */ = {isa = PBXBuildFile; fileRef = 46A7393C1BFAB7AA00E03DE5 /* BuzzerTeamNode.swift */; };
		46B0254B1A1BF04D0088294B /* IOKit.framework in Frameworks */ = {isa = PBXBuildFile; fileRef = 46B0254A1A1BF04D0088294B /* IOKit.framework */; };
		46B025BA1A1C0FE10088294B /* ControllerWindowController.swift in Sources */ = {isa = PBXBuildFile; fileRef = 46B025B81A1C0FE10088294B /* ControllerWindowController.swift */; };
		46B025BB1A1C0FE10088294B /* ControllerWindow.xib in Resources */ = {isa = PBXBuildFile; fileRef = 46B025B91A1C0FE10088294B /* ControllerWindow.xib */; };
		46BBC4541DF0768600C41112 /* EHSMB.TTF in CopyFiles */ = {isa = PBXBuildFile; fileRef = 46BBC4461DF0725600C41112 /* EHSMB.TTF */; };
		46BBC4581DF383F400C41112 /* SwiftyJSON.swift in Sources */ = {isa = PBXBuildFile; fileRef = 46BBC4571DF383F400C41112 /* SwiftyJSON.swift */; };
		46BBC4611DF39AA000C41112 /* Boggle.plist in Resources */ = {isa = PBXBuildFile; fileRef = 46BBC4601DF39AA000C41112 /* Boggle.plist */; };
		46BBD3CD21B83DED0010319E /* ClockNode.swift in Sources */ = {isa = PBXBuildFile; fileRef = 46BBD3CC21B83DED0010319E /* ClockNode.swift */; };
		46C132B0239EA626004AFAA2 /* AnniversaryNode.swift in Sources */ = {isa = PBXBuildFile; fileRef = 46C132AF239EA626004AFAA2 /* AnniversaryNode.swift */; };
		46C8C03E1DF8896600A989D6 /* NeutraDisp Titling.otf in CopyFiles */ = {isa = PBXBuildFile; fileRef = 4616724D1DF8891D0049C8D1 /* NeutraDisp Titling.otf */; };
		46DAD0791A30BABE00A7D9AF /* QuizLeds.swift in Sources */ = {isa = PBXBuildFile; fileRef = 46DAD0781A30BABE00A7D9AF /* QuizLeds.swift */; };
		46DF9D08239672FF00D019A3 /* MusicScene.swift in Sources */ = {isa = PBXBuildFile; fileRef = 46DF9D07239672FF00D019A3 /* MusicScene.swift */; };
		46EBD4AA1C0B67DE0004A110 /* SparksUpImage.sks in Resources */ = {isa = PBXBuildFile; fileRef = 46EBD4A91C0B67DE0004A110 /* SparksUpImage.sks */; };
		46EE3977239EA694006298D1 /* SparksLeft.sks in Resources */ = {isa = PBXBuildFile; fileRef = 46EE3976239EA694006298D1 /* SparksLeft.sks */; };
		46F9A1281BFA8D88003E4023 /* IdleScene.swift in Sources */ = {isa = PBXBuildFile; fileRef = 46F9A1271BFA8D88003E4023 /* IdleScene.swift */; };
/* End PBXBuildFile section */

/* Begin PBXContainerItemProxy section */
		3C6C3C671FB2140B0096D530 /* PBXContainerItemProxy */ = {
			isa = PBXContainerItemProxy;
			containerPortal = 3CD1765C1DDB4AA900F54D47 /* Starscream.xcodeproj */;
			proxyType = 2;
			remoteGlobalIDString = 33CCF0921F5DDC030099B092;
			remoteInfo = Starscream;
		};
		3C6C3C691FB2140B0096D530 /* PBXContainerItemProxy */ = {
			isa = PBXContainerItemProxy;
			containerPortal = 3CD1765C1DDB4AA900F54D47 /* Starscream.xcodeproj */;
			proxyType = 2;
			remoteGlobalIDString = 335FA2021F5DF71D00F6D2EC;
			remoteInfo = "Starscream Tests";
		};
		3C8DD5151FB8966A007DA61F /* PBXContainerItemProxy */ = {
			isa = PBXContainerItemProxy;
			containerPortal = 3CD1765C1DDB4AA900F54D47 /* Starscream.xcodeproj */;
			proxyType = 1;
			remoteGlobalIDString = 33CCF0841F5DDC030099B092;
			remoteInfo = Starscream;
		};
/* End PBXContainerItemProxy section */

/* Begin PBXCopyFilesBuildPhase section */
		46B025701A1BF4ED0088294B /* Embed Frameworks */ = {
			isa = PBXCopyFilesBuildPhase;
			buildActionMask = 2147483647;
			dstPath = "";
			dstSubfolderSpec = 10;
			files = (
				3C8DD51A1FB89679007DA61F /* Starscream.framework in Embed Frameworks */,
			);
			name = "Embed Frameworks";
			runOnlyForDeploymentPostprocessing = 0;
		};
		46BBC4531DF0765B00C41112 /* CopyFiles */ = {
			isa = PBXCopyFilesBuildPhase;
			buildActionMask = 2147483647;
			dstPath = Fonts;
			dstSubfolderSpec = 7;
			files = (
				466894E9239E99CB009CB9CC /* SnowtopCaps.otf in CopyFiles */,
				46BBC4541DF0768600C41112 /* EHSMB.TTF in CopyFiles */,
				46C8C03E1DF8896600A989D6 /* NeutraDisp Titling.otf in CopyFiles */,
			);
			runOnlyForDeploymentPostprocessing = 0;
		};
/* End PBXCopyFilesBuildPhase section */

/* Begin PBXFileReference section */
		3C1FFA0F239E8E33000160B1 /* fireworks.sks */ = {isa = PBXFileReference; lastKnownFileType = file.sks; path = fireworks.sks; sourceTree = "<group>"; };
		3C2543232B123E7D008A3FDB /* LEDWebSocket.swift */ = {isa = PBXFileReference; lastKnownFileType = sourcecode.swift; path = LEDWebSocket.swift; sourceTree = "<group>"; };
		3C366CBB1FB9F0A2006BA9B1 /* TextScene.swift */ = {isa = PBXFileReference; lastKnownFileType = sourcecode.swift; path = TextScene.swift; sourceTree = "<group>"; };
		3C378CFA1FBC89A800AD6168 /* TextSceneSparks.sks */ = {isa = PBXFileReference; lastKnownFileType = file.sks; path = TextSceneSparks.sks; sourceTree = "<group>"; };
		3C5CC8B21C03E18F00308572 /* SparksUp2.sks */ = {isa = PBXFileReference; lastKnownFileType = file.sks; path = SparksUp2.sks; sourceTree = "<group>"; };
		3C5E2A4C1A37D0F9000D6447 /* timer.wav */ = {isa = PBXFileReference; lastKnownFileType = audio.wav; path = timer.wav; sourceTree = "<group>"; };
		3C5E2A4D1A37D0F9000D6447 /* timerend.wav */ = {isa = PBXFileReference; lastKnownFileType = audio.wav; path = timerend.wav; sourceTree = "<group>"; };
		3C708BF61A379EE1007E24F5 /* buzzer.wav */ = {isa = PBXFileReference; lastKnownFileType = audio.wav; path = buzzer.wav; sourceTree = "<group>"; };
		3C77C8A11DEF69E10088B36A /* location.sks */ = {isa = PBXFileReference; lastKnownFileType = file.sks; path = location.sks; sourceTree = "<group>"; };
		3C77C8A21DEF69E10088B36A /* Assets.xcassets */ = {isa = PBXFileReference; lastKnownFileType = folder.assetcatalog; path = Assets.xcassets; sourceTree = "<group>"; };
		3C7F5E581DF454AA008075B8 /* locationstar.sks */ = {isa = PBXFileReference; lastKnownFileType = file.sks; path = locationstar.sks; sourceTree = "<group>"; };
		3C872EAF1C03C3F000A2B397 /* TimerScene.swift */ = {isa = PBXFileReference; fileEncoding = 4; lastKnownFileType = sourcecode.swift; path = TimerScene.swift; sourceTree = "<group>"; };
		3C872EB11C03D35100A2B397 /* tick.mp3 */ = {isa = PBXFileReference; lastKnownFileType = audio.mp3; path = tick.mp3; sourceTree = "<group>"; };
		3C872EB31C03D47A00A2B397 /* blop.mp3 */ = {isa = PBXFileReference; lastKnownFileType = audio.mp3; path = blop.mp3; sourceTree = "<group>"; };
		3C872EB51C03D53000A2B397 /* airhorn.mp3 */ = {isa = PBXFileReference; lastKnownFileType = audio.mp3; path = airhorn.mp3; sourceTree = "<group>"; };
		3C934626237DAEED009DBD0C /* altBuzz1.wav */ = {isa = PBXFileReference; lastKnownFileType = audio.wav; path = altBuzz1.wav; sourceTree = "<group>"; };
		3C934628237DB637009DBD0C /* altBuzz2.wav */ = {isa = PBXFileReference; lastKnownFileType = audio.wav; path = altBuzz2.wav; sourceTree = "<group>"; };
		3C93462A237DB6B0009DBD0C /* altBuzz3.wav */ = {isa = PBXFileReference; lastKnownFileType = audio.wav; path = altBuzz3.wav; sourceTree = "<group>"; };
		3C93462C237DBF88009DBD0C /* altBuzz4.wav */ = {isa = PBXFileReference; lastKnownFileType = audio.wav; path = altBuzz4.wav; sourceTree = "<group>"; };
		3C971C8E2396A50E000346A7 /* emojsplosion.sks */ = {isa = PBXFileReference; lastKnownFileType = file.sks; path = emojsplosion.sks; sourceTree = "<group>"; };
		3CD1765C1DDB4AA900F54D47 /* Starscream.xcodeproj */ = {isa = PBXFileReference; lastKnownFileType = "wrapper.pb-project"; name = Starscream.xcodeproj; path = ../Starscream/Starscream.xcodeproj; sourceTree = "<group>"; };
		3CD1DF541A306820003DEA9F /* counter_wrong.wav */ = {isa = PBXFileReference; lastKnownFileType = audio.wav; path = counter_wrong.wav; sourceTree = "<group>"; };
		3CD1DF551A306820003DEA9F /* counter_score100.wav */ = {isa = PBXFileReference; lastKnownFileType = audio.wav; path = counter_score100.wav; sourceTree = "<group>"; };
		3CD1DF561A306820003DEA9F /* counter_soft_end.wav */ = {isa = PBXFileReference; lastKnownFileType = audio.wav; path = counter_soft_end.wav; sourceTree = "<group>"; };
		3CD1DF571A306820003DEA9F /* counter_sting.wav */ = {isa = PBXFileReference; lastKnownFileType = audio.wav; path = counter_sting.wav; sourceTree = "<group>"; };
		3CD1DF621A3069CC003DEA9F /* QuartzCore.framework */ = {isa = PBXFileReference; lastKnownFileType = wrapper.framework; name = QuartzCore.framework; path = System/Library/Frameworks/QuartzCore.framework; sourceTree = SDKROOT; };
		3CDC49271A378031000203E3 /* TrueFalseViewController.swift */ = {isa = PBXFileReference; fileEncoding = 4; lastKnownFileType = sourcecode.swift; path = TrueFalseViewController.swift; sourceTree = "<group>"; };
		3CDC49281A378031000203E3 /* TrueFalseViewController.xib */ = {isa = PBXFileReference; fileEncoding = 4; lastKnownFileType = file.xib; path = TrueFalseViewController.xib; sourceTree = "<group>"; };
		3CF41C1F1C04C7D100785564 /* TimerSpray.sks */ = {isa = PBXFileReference; lastKnownFileType = file.sks; path = TimerSpray.sks; sourceTree = "<group>"; };
		3CF78EF923954DB9007FC394 /* NumbersScene.swift */ = {isa = PBXFileReference; fileEncoding = 4; lastKnownFileType = sourcecode.swift; path = NumbersScene.swift; sourceTree = "<group>"; };
		3CF78EFC2396A11A007FC394 /* tada.mp3 */ = {isa = PBXFileReference; lastKnownFileType = audio.mp3; path = tada.mp3; sourceTree = "<group>"; };
		46056EB41A19624E00C37628 /* Quiz Server.app */ = {isa = PBXFileReference; explicitFileType = wrapper.application; includeInIndex = 0; path = "Quiz Server.app"; sourceTree = BUILT_PRODUCTS_DIR; };
		46056EB81A19624E00C37628 /* Info.plist */ = {isa = PBXFileReference; lastKnownFileType = text.plist.xml; path = Info.plist; sourceTree = "<group>"; };
		46056EB91A19624E00C37628 /* AppDelegate.swift */ = {isa = PBXFileReference; lastKnownFileType = sourcecode.swift; path = AppDelegate.swift; sourceTree = "<group>"; };
		46056EBB1A19624E00C37628 /* Images.xcassets */ = {isa = PBXFileReference; lastKnownFileType = folder.assetcatalog; path = Images.xcassets; sourceTree = "<group>"; };
		46056EBE1A19624E00C37628 /* Base */ = {isa = PBXFileReference; lastKnownFileType = file.xib; name = Base; path = Base.lproj/MainMenu.xib; sourceTree = "<group>"; };
		46056ED51A1974A800C37628 /* StartupView.swift */ = {isa = PBXFileReference; fileEncoding = 4; lastKnownFileType = sourcecode.swift; path = StartupView.swift; sourceTree = "<group>"; };
		4606F5E31BF926E200D2599B /* BuzzParticles.sks */ = {isa = PBXFileReference; lastKnownFileType = file.sks; path = BuzzParticles.sks; sourceTree = "<group>"; };
		4606F5E41BF926E200D2599B /* BuzzGlow.sks */ = {isa = PBXFileReference; lastKnownFileType = file.sks; path = BuzzGlow.sks; sourceTree = "<group>"; };
		461672381DF838150049C8D1 /* locationnumber.sks */ = {isa = PBXFileReference; lastKnownFileType = file.sks; path = locationnumber.sks; sourceTree = "<group>"; };
		461672421DF87C470049C8D1 /* BoggleSparks.sks */ = {isa = PBXFileReference; lastKnownFileType = file.sks; path = BoggleSparks.sks; sourceTree = "<group>"; };
		461672491DF87DA30049C8D1 /* BoggleSparksBonus.sks */ = {isa = PBXFileReference; lastKnownFileType = file.sks; path = BoggleSparksBonus.sks; sourceTree = "<group>"; };
		4616724D1DF8891D0049C8D1 /* NeutraDisp Titling.otf */ = {isa = PBXFileReference; lastKnownFileType = file; path = "NeutraDisp Titling.otf"; sourceTree = "<group>"; };
		4620DC971A30C400006EABA1 /* QuizViewController.swift */ = {isa = PBXFileReference; fileEncoding = 4; lastKnownFileType = sourcecode.swift; path = QuizViewController.swift; sourceTree = "<group>"; };
		4620DC981A30C400006EABA1 /* QuizView.xib */ = {isa = PBXFileReference; fileEncoding = 4; lastKnownFileType = file.xib; path = QuizView.xib; sourceTree = "<group>"; };
		4634F74D21B6DBD600C9862F /* SnowBackground.sks */ = {isa = PBXFileReference; lastKnownFileType = file.sks; path = SnowBackground.sks; sourceTree = "<group>"; };
		463EA5D82396D6CC00118892 /* scratch2.wav */ = {isa = PBXFileReference; lastKnownFileType = audio.wav; path = scratch2.wav; sourceTree = "<group>"; };
		463EA5DA2396D6CC00118892 /* scratch1.wav */ = {isa = PBXFileReference; lastKnownFileType = audio.wav; path = scratch1.wav; sourceTree = "<group>"; };
		463EA5DB2396D6CC00118892 /* scratch3.wav */ = {isa = PBXFileReference; lastKnownFileType = audio.wav; path = scratch3.wav; sourceTree = "<group>"; };
		463FDE811A39039500FA9B3F /* Snowmoji.sks */ = {isa = PBXFileReference; lastKnownFileType = file.sks; path = Snowmoji.sks; sourceTree = "<group>"; };
		46498C821A3F366700CAFACC /* Snow.sks */ = {isa = PBXFileReference; lastKnownFileType = file.sks; path = Snow.sks; sourceTree = "<group>"; };
		464E191E1BE7E44700F0491B /* ORSSerialBuffer.h */ = {isa = PBXFileReference; fileEncoding = 4; lastKnownFileType = sourcecode.c.h; name = ORSSerialBuffer.h; path = ../ORSSerialPort/Source/ORSSerialBuffer.h; sourceTree = "<group>"; };
		464E191F1BE7E44700F0491B /* ORSSerialBuffer.m */ = {isa = PBXFileReference; fileEncoding = 4; lastKnownFileType = sourcecode.c.objc; name = ORSSerialBuffer.m; path = ../ORSSerialPort/Source/ORSSerialBuffer.m; sourceTree = "<group>"; };
		464E19201BE7E44700F0491B /* ORSSerialPacketDescriptor.h */ = {isa = PBXFileReference; fileEncoding = 4; lastKnownFileType = sourcecode.c.h; name = ORSSerialPacketDescriptor.h; path = ../ORSSerialPort/Source/ORSSerialPacketDescriptor.h; sourceTree = "<group>"; };
		464E19211BE7E44700F0491B /* ORSSerialPacketDescriptor.m */ = {isa = PBXFileReference; fileEncoding = 4; lastKnownFileType = sourcecode.c.objc; name = ORSSerialPacketDescriptor.m; path = ../ORSSerialPort/Source/ORSSerialPacketDescriptor.m; sourceTree = "<group>"; };
		464E19221BE7E44700F0491B /* ORSSerialPort.h */ = {isa = PBXFileReference; fileEncoding = 4; lastKnownFileType = sourcecode.c.h; name = ORSSerialPort.h; path = ../ORSSerialPort/Source/ORSSerialPort.h; sourceTree = "<group>"; };
		464E19231BE7E44700F0491B /* ORSSerialPort.m */ = {isa = PBXFileReference; fileEncoding = 4; lastKnownFileType = sourcecode.c.objc; name = ORSSerialPort.m; path = ../ORSSerialPort/Source/ORSSerialPort.m; sourceTree = "<group>"; };
		464E19241BE7E44700F0491B /* ORSSerialPortManager.h */ = {isa = PBXFileReference; fileEncoding = 4; lastKnownFileType = sourcecode.c.h; name = ORSSerialPortManager.h; path = ../ORSSerialPort/Source/ORSSerialPortManager.h; sourceTree = "<group>"; };
		464E19251BE7E44700F0491B /* ORSSerialPortManager.m */ = {isa = PBXFileReference; fileEncoding = 4; lastKnownFileType = sourcecode.c.objc; name = ORSSerialPortManager.m; path = ../ORSSerialPort/Source/ORSSerialPortManager.m; sourceTree = "<group>"; };
		464E19261BE7E44700F0491B /* ORSSerialRequest.h */ = {isa = PBXFileReference; fileEncoding = 4; lastKnownFileType = sourcecode.c.h; name = ORSSerialRequest.h; path = ../ORSSerialPort/Source/ORSSerialRequest.h; sourceTree = "<group>"; };
		464E19271BE7E44700F0491B /* ORSSerialRequest.m */ = {isa = PBXFileReference; fileEncoding = 4; lastKnownFileType = sourcecode.c.objc; name = ORSSerialRequest.m; path = ../ORSSerialPort/Source/ORSSerialRequest.m; sourceTree = "<group>"; };
		4654E6F21C0B71EF0048F5D9 /* SparksDownImage.sks */ = {isa = PBXFileReference; lastKnownFileType = file.sks; path = SparksDownImage.sks; sourceTree = "<group>"; };
		4656CA1A1A39100200A70F91 /* SparksDown.sks */ = {isa = PBXFileReference; lastKnownFileType = file.sks; path = SparksDown.sks; sourceTree = "<group>"; };
		46596C7F1A38DE5900822FB7 /* SpriteKit.framework */ = {isa = PBXFileReference; lastKnownFileType = wrapper.framework; name = SpriteKit.framework; path = System/Library/Frameworks/SpriteKit.framework; sourceTree = SDKROOT; };
		46596C811A38E04800822FB7 /* SparksUp.sks */ = {isa = PBXFileReference; lastKnownFileType = file.sks; path = SparksUp.sks; sourceTree = "<group>"; };
		46596C821A38E04800822FB7 /* spark.png */ = {isa = PBXFileReference; lastKnownFileType = image.png; path = spark.png; sourceTree = "<group>"; };
		465FDFE71A372E5E00734431 /* eight.wav */ = {isa = PBXFileReference; lastKnownFileType = audio.wav; path = eight.wav; sourceTree = "<group>"; };
		466894E7239E99A1009CB9CC /* SnowtopCaps.otf */ = {isa = PBXFileReference; lastKnownFileType = file; path = SnowtopCaps.otf; sourceTree = "<group>"; };
		466B46D41DEC98E400428CDC /* GeographyScene.swift */ = {isa = PBXFileReference; fileEncoding = 4; lastKnownFileType = sourcecode.swift; path = GeographyScene.swift; sourceTree = "<group>"; };
		4688FDF52397C0E10028503F /* Music.playground */ = {isa = PBXFileReference; lastKnownFileType = file.playground; path = Music.playground; sourceTree = "<group>"; xcLanguageSpecificationIdentifier = xcode.lang.swift; };
		468B090A1FD6005D0052047A /* Shower.sks */ = {isa = PBXFileReference; lastKnownFileType = file.sks; path = Shower.sks; sourceTree = "<group>"; };
		46A739341BFAAD9800E03DE5 /* SpriteKitViewController.swift */ = {isa = PBXFileReference; fileEncoding = 4; lastKnownFileType = sourcecode.swift; path = SpriteKitViewController.swift; sourceTree = "<group>"; };
		46A739351BFAAD9800E03DE5 /* SpriteKitViewController.xib */ = {isa = PBXFileReference; fileEncoding = 4; lastKnownFileType = file.xib; path = SpriteKitViewController.xib; sourceTree = "<group>"; };
		46A739381BFAB45300E03DE5 /* BuzzerScene.swift */ = {isa = PBXFileReference; fileEncoding = 4; lastKnownFileType = sourcecode.swift; path = BuzzerScene.swift; sourceTree = "<group>"; };
		46A7393A1BFAB46A00E03DE5 /* TestScene.swift */ = {isa = PBXFileReference; fileEncoding = 4; lastKnownFileType = sourcecode.swift; path = TestScene.swift; sourceTree = "<group>"; };
		46A7393C1BFAB7AA00E03DE5 /* BuzzerTeamNode.swift */ = {isa = PBXFileReference; fileEncoding = 4; lastKnownFileType = sourcecode.swift; path = BuzzerTeamNode.swift; sourceTree = "<group>"; };
		46B0254A1A1BF04D0088294B /* IOKit.framework */ = {isa = PBXFileReference; lastKnownFileType = wrapper.framework; name = IOKit.framework; path = System/Library/Frameworks/IOKit.framework; sourceTree = SDKROOT; };
		46B025B81A1C0FE10088294B /* ControllerWindowController.swift */ = {isa = PBXFileReference; fileEncoding = 4; lastKnownFileType = sourcecode.swift; path = ControllerWindowController.swift; sourceTree = "<group>"; };
		46B025B91A1C0FE10088294B /* ControllerWindow.xib */ = {isa = PBXFileReference; fileEncoding = 4; lastKnownFileType = file.xib; path = ControllerWindow.xib; sourceTree = "<group>"; };
		46BBC4461DF0725600C41112 /* EHSMB.TTF */ = {isa = PBXFileReference; lastKnownFileType = file; path = EHSMB.TTF; sourceTree = "<group>"; };
		46BBC4571DF383F400C41112 /* SwiftyJSON.swift */ = {isa = PBXFileReference; fileEncoding = 4; lastKnownFileType = sourcecode.swift; path = SwiftyJSON.swift; sourceTree = "<group>"; };
		46BBC4601DF39AA000C41112 /* Boggle.plist */ = {isa = PBXFileReference; fileEncoding = 4; lastKnownFileType = text.plist.xml; path = Boggle.plist; sourceTree = "<group>"; };
		46BBD3CC21B83DED0010319E /* ClockNode.swift */ = {isa = PBXFileReference; lastKnownFileType = sourcecode.swift; path = ClockNode.swift; sourceTree = "<group>"; };
		46BBD3D021B847980010319E /* Clock.playground */ = {isa = PBXFileReference; lastKnownFileType = file.playground; path = Clock.playground; sourceTree = "<group>"; xcLanguageSpecificationIdentifier = xcode.lang.swift; };
		46C132AF239EA626004AFAA2 /* AnniversaryNode.swift */ = {isa = PBXFileReference; lastKnownFileType = sourcecode.swift; path = AnniversaryNode.swift; sourceTree = "<group>"; };
		46DAD06C1A2F690B00A7D9AF /* Quiz Server-Bridging-Header.h */ = {isa = PBXFileReference; lastKnownFileType = sourcecode.c.h; path = "Quiz Server-Bridging-Header.h"; sourceTree = "<group>"; };
		46DAD0781A30BABE00A7D9AF /* QuizLeds.swift */ = {isa = PBXFileReference; fileEncoding = 4; lastKnownFileType = sourcecode.swift; path = QuizLeds.swift; sourceTree = "<group>"; };
		46DF9D07239672FF00D019A3 /* MusicScene.swift */ = {isa = PBXFileReference; lastKnownFileType = sourcecode.swift; path = MusicScene.swift; sourceTree = "<group>"; };
		46EBD4A91C0B67DE0004A110 /* SparksUpImage.sks */ = {isa = PBXFileReference; lastKnownFileType = file.sks; path = SparksUpImage.sks; sourceTree = "<group>"; };
		46EE3976239EA694006298D1 /* SparksLeft.sks */ = {isa = PBXFileReference; lastKnownFileType = file.sks; name = SparksLeft.sks; path = Playgrounds/Anniversary.playground/Resources/SparksLeft.sks; sourceTree = SOURCE_ROOT; };
		46EE3979239EA6D8006298D1 /* Anniversary.playground */ = {isa = PBXFileReference; lastKnownFileType = file.playground; path = Anniversary.playground; sourceTree = "<group>"; xcLanguageSpecificationIdentifier = xcode.lang.swift; };
		46F9A1271BFA8D88003E4023 /* IdleScene.swift */ = {isa = PBXFileReference; fileEncoding = 4; lastKnownFileType = sourcecode.swift; path = IdleScene.swift; sourceTree = "<group>"; };
/* End PBXFileReference section */

/* Begin PBXFrameworksBuildPhase section */
		46056EB11A19624E00C37628 /* Frameworks */ = {
			isa = PBXFrameworksBuildPhase;
			buildActionMask = 2147483647;
			files = (
				3C8DD5191FB89672007DA61F /* Starscream.framework in Frameworks */,
				46596C801A38DE5900822FB7 /* SpriteKit.framework in Frameworks */,
				3CD1DF631A3069CC003DEA9F /* QuartzCore.framework in Frameworks */,
				46B0254B1A1BF04D0088294B /* IOKit.framework in Frameworks */,
			);
			runOnlyForDeploymentPostprocessing = 0;
		};
/* End PBXFrameworksBuildPhase section */

/* Begin PBXGroup section */
		3C366CC51FBC48FF006BA9B1 /* Particles */ = {
			isa = PBXGroup;
			children = (
				3C971C8E2396A50E000346A7 /* emojsplosion.sks */,
				468B090A1FD6005D0052047A /* Shower.sks */,
				461672421DF87C470049C8D1 /* BoggleSparks.sks */,
				461672491DF87DA30049C8D1 /* BoggleSparksBonus.sks */,
				4606F5E41BF926E200D2599B /* BuzzGlow.sks */,
				4606F5E31BF926E200D2599B /* BuzzParticles.sks */,
				3C77C8A11DEF69E10088B36A /* location.sks */,
				461672381DF838150049C8D1 /* locationnumber.sks */,
				3C7F5E581DF454AA008075B8 /* locationstar.sks */,
				46498C821A3F366700CAFACC /* Snow.sks */,
				4634F74D21B6DBD600C9862F /* SnowBackground.sks */,
				463FDE811A39039500FA9B3F /* Snowmoji.sks */,
				46596C821A38E04800822FB7 /* spark.png */,
				4656CA1A1A39100200A70F91 /* SparksDown.sks */,
				4654E6F21C0B71EF0048F5D9 /* SparksDownImage.sks */,
				46596C811A38E04800822FB7 /* SparksUp.sks */,
				3C5CC8B21C03E18F00308572 /* SparksUp2.sks */,
				46EBD4A91C0B67DE0004A110 /* SparksUpImage.sks */,
				46EE3976239EA694006298D1 /* SparksLeft.sks */,
				3C378CFA1FBC89A800AD6168 /* TextSceneSparks.sks */,
				3CF41C1F1C04C7D100785564 /* TimerSpray.sks */,
				3C1FFA0F239E8E33000160B1 /* fireworks.sks */,
			);
			name = Particles;
			sourceTree = "<group>";
		};
		3C366CC61FBC5D29006BA9B1 /* SpriteKit Scenes */ = {
			isa = PBXGroup;
			children = (
				46A739381BFAB45300E03DE5 /* BuzzerScene.swift */,
				46DF9D07239672FF00D019A3 /* MusicScene.swift */,
				46A7393C1BFAB7AA00E03DE5 /* BuzzerTeamNode.swift */,
				466B46D41DEC98E400428CDC /* GeographyScene.swift */,
				46F9A1271BFA8D88003E4023 /* IdleScene.swift */,
				46BBD3CC21B83DED0010319E /* ClockNode.swift */,
				46C132AF239EA626004AFAA2 /* AnniversaryNode.swift */,
				46A7393A1BFAB46A00E03DE5 /* TestScene.swift */,
				3C366CBB1FB9F0A2006BA9B1 /* TextScene.swift */,
				3CF78EF923954DB9007FC394 /* NumbersScene.swift */,
				3C872EAF1C03C3F000A2B397 /* TimerScene.swift */,
			);
			name = "SpriteKit Scenes";
			sourceTree = "<group>";
		};
		3CD1765D1DDB4AA900F54D47 /* Products */ = {
			isa = PBXGroup;
			children = (
				3C6C3C681FB2140B0096D530 /* Starscream.framework */,
				3C6C3C6A1FB2140B0096D530 /* Starscream Tests.xctest */,
			);
			name = Products;
			sourceTree = "<group>";
		};
		46056EAB1A19624E00C37628 = {
			isa = PBXGroup;
			children = (
				3CD1765C1DDB4AA900F54D47 /* Starscream.xcodeproj */,
				46BBC4561DF383F400C41112 /* SwiftyJSON */,
				46DAD06B1A2F68DD00A7D9AF /* ORSSerialPort */,
				46B0254C1A1BF0590088294B /* Frameworks */,
				46056EB61A19624E00C37628 /* Quiz Server */,
				46056EB51A19624E00C37628 /* Products */,
				46BBD3CF21B847980010319E /* Playgrounds */,
			);
			sourceTree = "<group>";
		};
		46056EB51A19624E00C37628 /* Products */ = {
			isa = PBXGroup;
			children = (
				46056EB41A19624E00C37628 /* Quiz Server.app */,
			);
			name = Products;
			sourceTree = "<group>";
		};
		46056EB61A19624E00C37628 /* Quiz Server */ = {
			isa = PBXGroup;
			children = (
				3C77C8A21DEF69E10088B36A /* Assets.xcassets */,
				46056EBB1A19624E00C37628 /* Images.xcassets */,
				3C366CC51FBC48FF006BA9B1 /* Particles */,
				3C366CC61FBC5D29006BA9B1 /* SpriteKit Scenes */,
				46056EB71A19624E00C37628 /* Supporting Files */,
				46056EB91A19624E00C37628 /* AppDelegate.swift */,
				46B025B91A1C0FE10088294B /* ControllerWindow.xib */,
				46B025B81A1C0FE10088294B /* ControllerWindowController.swift */,
				46056EBD1A19624E00C37628 /* MainMenu.xib */,
				46DAD0781A30BABE00A7D9AF /* QuizLeds.swift */,
				4620DC981A30C400006EABA1 /* QuizView.xib */,
				4620DC971A30C400006EABA1 /* QuizViewController.swift */,
				46A739341BFAAD9800E03DE5 /* SpriteKitViewController.swift */,
				46A739351BFAAD9800E03DE5 /* SpriteKitViewController.xib */,
				46056ED51A1974A800C37628 /* StartupView.swift */,
				3CDC49271A378031000203E3 /* TrueFalseViewController.swift */,
				3CDC49281A378031000203E3 /* TrueFalseViewController.xib */,
				3C2543232B123E7D008A3FDB /* LEDWebSocket.swift */,
			);
			path = "Quiz Server";
			sourceTree = "<group>";
		};
		46056EB71A19624E00C37628 /* Supporting Files */ = {
			isa = PBXGroup;
			children = (
				463EA5DA2396D6CC00118892 /* scratch1.wav */,
				463EA5D82396D6CC00118892 /* scratch2.wav */,
				463EA5DB2396D6CC00118892 /* scratch3.wav */,
				3C934626237DAEED009DBD0C /* altBuzz1.wav */,
				3C934628237DB637009DBD0C /* altBuzz2.wav */,
				3C93462A237DB6B0009DBD0C /* altBuzz3.wav */,
				3C93462C237DBF88009DBD0C /* altBuzz4.wav */,
				46BBC4461DF0725600C41112 /* EHSMB.TTF */,
				4616724D1DF8891D0049C8D1 /* NeutraDisp Titling.otf */,
				466894E7239E99A1009CB9CC /* SnowtopCaps.otf */,
				3C872EB51C03D53000A2B397 /* airhorn.mp3 */,
				3CF78EFC2396A11A007FC394 /* tada.mp3 */,
				3C872EB31C03D47A00A2B397 /* blop.mp3 */,
				3C872EB11C03D35100A2B397 /* tick.mp3 */,
				3C5E2A4C1A37D0F9000D6447 /* timer.wav */,
				3C5E2A4D1A37D0F9000D6447 /* timerend.wav */,
				3C708BF61A379EE1007E24F5 /* buzzer.wav */,
				465FDFE71A372E5E00734431 /* eight.wav */,
				3CD1DF541A306820003DEA9F /* counter_wrong.wav */,
				3CD1DF551A306820003DEA9F /* counter_score100.wav */,
				3CD1DF561A306820003DEA9F /* counter_soft_end.wav */,
				3CD1DF571A306820003DEA9F /* counter_sting.wav */,
				46056EB81A19624E00C37628 /* Info.plist */,
				46BBC4601DF39AA000C41112 /* Boggle.plist */,
			);
			name = "Supporting Files";
			sourceTree = "<group>";
		};
		46B0254C1A1BF0590088294B /* Frameworks */ = {
			isa = PBXGroup;
			children = (
				46596C7F1A38DE5900822FB7 /* SpriteKit.framework */,
				3CD1DF621A3069CC003DEA9F /* QuartzCore.framework */,
				46B0254A1A1BF04D0088294B /* IOKit.framework */,
			);
			name = Frameworks;
			sourceTree = "<group>";
		};
		46BBC4561DF383F400C41112 /* SwiftyJSON */ = {
			isa = PBXGroup;
			children = (
				46BBC4571DF383F400C41112 /* SwiftyJSON.swift */,
			);
			path = SwiftyJSON;
			sourceTree = "<group>";
		};
		46BBD3CF21B847980010319E /* Playgrounds */ = {
			isa = PBXGroup;
			children = (
				46EE3979239EA6D8006298D1 /* Anniversary.playground */,
				4688FDF52397C0E10028503F /* Music.playground */,
				46BBD3D021B847980010319E /* Clock.playground */,
			);
			path = Playgrounds;
			sourceTree = "<group>";
		};
		46DAD06B1A2F68DD00A7D9AF /* ORSSerialPort */ = {
			isa = PBXGroup;
			children = (
				464E191E1BE7E44700F0491B /* ORSSerialBuffer.h */,
				464E191F1BE7E44700F0491B /* ORSSerialBuffer.m */,
				464E19201BE7E44700F0491B /* ORSSerialPacketDescriptor.h */,
				464E19211BE7E44700F0491B /* ORSSerialPacketDescriptor.m */,
				464E19221BE7E44700F0491B /* ORSSerialPort.h */,
				464E19231BE7E44700F0491B /* ORSSerialPort.m */,
				464E19241BE7E44700F0491B /* ORSSerialPortManager.h */,
				464E19251BE7E44700F0491B /* ORSSerialPortManager.m */,
				464E19261BE7E44700F0491B /* ORSSerialRequest.h */,
				464E19271BE7E44700F0491B /* ORSSerialRequest.m */,
				46DAD06C1A2F690B00A7D9AF /* Quiz Server-Bridging-Header.h */,
			);
			name = ORSSerialPort;
			sourceTree = "<group>";
		};
/* End PBXGroup section */

/* Begin PBXNativeTarget section */
		46056EB31A19624E00C37628 /* Quiz Server */ = {
			isa = PBXNativeTarget;
			buildConfigurationList = 46056ECE1A19624E00C37628 /* Build configuration list for PBXNativeTarget "Quiz Server" */;
			buildPhases = (
				46056EB01A19624E00C37628 /* Sources */,
				46056EB11A19624E00C37628 /* Frameworks */,
				46056EB21A19624E00C37628 /* Resources */,
				46B025701A1BF4ED0088294B /* Embed Frameworks */,
				46BBC4531DF0765B00C41112 /* CopyFiles */,
			);
			buildRules = (
			);
			dependencies = (
				3C8DD5161FB8966A007DA61F /* PBXTargetDependency */,
			);
			name = "Quiz Server";
			productName = QuizServer;
			productReference = 46056EB41A19624E00C37628 /* Quiz Server.app */;
			productType = "com.apple.product-type.application";
		};
/* End PBXNativeTarget section */

/* Begin PBXProject section */
		46056EAC1A19624E00C37628 /* Project object */ = {
			isa = PBXProject;
			attributes = {
				BuildIndependentTargetsInParallel = YES;
				LastSwiftMigration = 0710;
				LastSwiftUpdateCheck = 0710;
				LastUpgradeCheck = 1500;
				ORGANIZATIONNAME = "Russell Joyce & Ian Gray";
				TargetAttributes = {
					46056EB31A19624E00C37628 = {
						CreatedOnToolsVersion = 6.1;
						LastSwiftMigration = 1120;
					};
				};
			};
			buildConfigurationList = 46056EAF1A19624E00C37628 /* Build configuration list for PBXProject "Quiz Server" */;
			compatibilityVersion = "Xcode 3.2";
			developmentRegion = en;
			hasScannedForEncodings = 0;
			knownRegions = (
				en,
				Base,
			);
			mainGroup = 46056EAB1A19624E00C37628;
			productRefGroup = 46056EB51A19624E00C37628 /* Products */;
			projectDirPath = "";
			projectReferences = (
				{
					ProductGroup = 3CD1765D1DDB4AA900F54D47 /* Products */;
					ProjectRef = 3CD1765C1DDB4AA900F54D47 /* Starscream.xcodeproj */;
				},
			);
			projectRoot = "";
			targets = (
				46056EB31A19624E00C37628 /* Quiz Server */,
			);
		};
/* End PBXProject section */

/* Begin PBXReferenceProxy section */
		3C6C3C681FB2140B0096D530 /* Starscream.framework */ = {
			isa = PBXReferenceProxy;
			fileType = wrapper.framework;
			path = Starscream.framework;
			remoteRef = 3C6C3C671FB2140B0096D530 /* PBXContainerItemProxy */;
			sourceTree = BUILT_PRODUCTS_DIR;
		};
		3C6C3C6A1FB2140B0096D530 /* Starscream Tests.xctest */ = {
			isa = PBXReferenceProxy;
			fileType = wrapper.cfbundle;
			path = "Starscream Tests.xctest";
			remoteRef = 3C6C3C691FB2140B0096D530 /* PBXContainerItemProxy */;
			sourceTree = BUILT_PRODUCTS_DIR;
		};
/* End PBXReferenceProxy section */

/* Begin PBXResourcesBuildPhase section */
		46056EB21A19624E00C37628 /* Resources */ = {
			isa = PBXResourcesBuildPhase;
			buildActionMask = 2147483647;
			files = (
				465FDFE81A372E5E00734431 /* eight.wav in Resources */,
				4654E6F31C0B71EF0048F5D9 /* SparksDownImage.sks in Resources */,
				3C872EB21C03D35100A2B397 /* tick.mp3 in Resources */,
				46498C831A3F366700CAFACC /* Snow.sks in Resources */,
				3C872EB41C03D47A00A2B397 /* blop.mp3 in Resources */,
				463EA5DC2396D6CC00118892 /* scratch2.wav in Resources */,
				3C77C8A31DEF69E10088B36A /* location.sks in Resources */,
				3C7F5E591DF454AA008075B8 /* locationstar.sks in Resources */,
				46BBC4611DF39AA000C41112 /* Boggle.plist in Resources */,
				3C5E2A4E1A37D0F9000D6447 /* timer.wav in Resources */,
				46B025BB1A1C0FE10088294B /* ControllerWindow.xib in Resources */,
				46EE3977239EA694006298D1 /* SparksLeft.sks in Resources */,
				3CF78EFD2396A11A007FC394 /* tada.mp3 in Resources */,
				3C5CC8B31C03E18F00308572 /* SparksUp2.sks in Resources */,
				4616724A1DF87DA30049C8D1 /* BoggleSparksBonus.sks in Resources */,
				46A739371BFAAD9800E03DE5 /* SpriteKitViewController.xib in Resources */,
				3C971C902396A50E000346A7 /* emojsplosion.sks in Resources */,
				46596C831A38E04800822FB7 /* SparksUp.sks in Resources */,
				463EA5DE2396D6CC00118892 /* scratch1.wav in Resources */,
				3CD1DF591A306820003DEA9F /* counter_score100.wav in Resources */,
				4634F74F21B6DBD600C9862F /* SnowBackground.sks in Resources */,
				3C872EB61C03D53000A2B397 /* airhorn.mp3 in Resources */,
				3C5E2A4F1A37D0F9000D6447 /* timerend.wav in Resources */,
				3C93462B237DB6B0009DBD0C /* altBuzz3.wav in Resources */,
				463FDE821A39039500FA9B3F /* Snowmoji.sks in Resources */,
				46596C841A38E04800822FB7 /* spark.png in Resources */,
				3C934629237DB637009DBD0C /* altBuzz2.wav in Resources */,
				46EBD4AA1C0B67DE0004A110 /* SparksUpImage.sks in Resources */,
				3CD1DF581A306820003DEA9F /* counter_wrong.wav in Resources */,
				4606F5E61BF926E200D2599B /* BuzzGlow.sks in Resources */,
				4606F5E51BF926E200D2599B /* BuzzParticles.sks in Resources */,
				3CD1DF5A1A306820003DEA9F /* counter_soft_end.wav in Resources */,
				3C708BF71A379EE1007E24F5 /* buzzer.wav in Resources */,
				3CDC492A1A378031000203E3 /* TrueFalseViewController.xib in Resources */,
				4656CA1B1A39100200A70F91 /* SparksDown.sks in Resources */,
				3C1FFA10239E8E33000160B1 /* fireworks.sks in Resources */,
				4620DC9A1A30C400006EABA1 /* QuizView.xib in Resources */,
				3CD1DF5B1A306820003DEA9F /* counter_sting.wav in Resources */,
				46056EBC1A19624E00C37628 /* Images.xcassets in Resources */,
				461672431DF87C470049C8D1 /* BoggleSparks.sks in Resources */,
				3C93462D237DBF88009DBD0C /* altBuzz4.wav in Resources */,
				3C934627237DAEED009DBD0C /* altBuzz1.wav in Resources */,
				46056EBF1A19624E00C37628 /* MainMenu.xib in Resources */,
				463EA5DF2396D6CC00118892 /* scratch3.wav in Resources */,
				461672391DF838150049C8D1 /* locationnumber.sks in Resources */,
				3C378CFC1FBC89A900AD6168 /* TextSceneSparks.sks in Resources */,
				468B090B1FD6005D0052047A /* Shower.sks in Resources */,
				3C77C8A41DEF69E10088B36A /* Assets.xcassets in Resources */,
				3CF41C211C04C7D100785564 /* TimerSpray.sks in Resources */,
			);
			runOnlyForDeploymentPostprocessing = 0;
		};
/* End PBXResourcesBuildPhase section */

/* Begin PBXSourcesBuildPhase section */
		46056EB01A19624E00C37628 /* Sources */ = {
			isa = PBXSourcesBuildPhase;
			buildActionMask = 2147483647;
			files = (
				466B46D51DEC98E400428CDC /* GeographyScene.swift in Sources */,
				4620DC991A30C400006EABA1 /* QuizViewController.swift in Sources */,
				46056ED61A1974A800C37628 /* StartupView.swift in Sources */,
				3C2543242B123E7D008A3FDB /* LEDWebSocket.swift in Sources */,
				46BBC4581DF383F400C41112 /* SwiftyJSON.swift in Sources */,
				46A739391BFAB45300E03DE5 /* BuzzerScene.swift in Sources */,
				3C366CBC1FB9F0A2006BA9B1 /* TextScene.swift in Sources */,
				464E192C1BE7E44700F0491B /* ORSSerialRequest.m in Sources */,
				46DF9D08239672FF00D019A3 /* MusicScene.swift in Sources */,
				46A7393D1BFAB7AA00E03DE5 /* BuzzerTeamNode.swift in Sources */,
				464E192B1BE7E44700F0491B /* ORSSerialPortManager.m in Sources */,
				464E19291BE7E44700F0491B /* ORSSerialPacketDescriptor.m in Sources */,
				464E192A1BE7E44700F0491B /* ORSSerialPort.m in Sources */,
				46BBD3CD21B83DED0010319E /* ClockNode.swift in Sources */,
				46B025BA1A1C0FE10088294B /* ControllerWindowController.swift in Sources */,
				46F9A1281BFA8D88003E4023 /* IdleScene.swift in Sources */,
				46C132B0239EA626004AFAA2 /* AnniversaryNode.swift in Sources */,
				3CF78EFA23954DB9007FC394 /* NumbersScene.swift in Sources */,
				464E19281BE7E44700F0491B /* ORSSerialBuffer.m in Sources */,
				46DAD0791A30BABE00A7D9AF /* QuizLeds.swift in Sources */,
				3CDC49291A378031000203E3 /* TrueFalseViewController.swift in Sources */,
				46056EBA1A19624E00C37628 /* AppDelegate.swift in Sources */,
				3C872EB01C03C3F000A2B397 /* TimerScene.swift in Sources */,
				46A739361BFAAD9800E03DE5 /* SpriteKitViewController.swift in Sources */,
				46A7393B1BFAB46A00E03DE5 /* TestScene.swift in Sources */,
			);
			runOnlyForDeploymentPostprocessing = 0;
		};
/* End PBXSourcesBuildPhase section */

/* Begin PBXTargetDependency section */
		3C8DD5161FB8966A007DA61F /* PBXTargetDependency */ = {
			isa = PBXTargetDependency;
			name = Starscream;
			targetProxy = 3C8DD5151FB8966A007DA61F /* PBXContainerItemProxy */;
		};
/* End PBXTargetDependency section */

/* Begin PBXVariantGroup section */
		46056EBD1A19624E00C37628 /* MainMenu.xib */ = {
			isa = PBXVariantGroup;
			children = (
				46056EBE1A19624E00C37628 /* Base */,
			);
			name = MainMenu.xib;
			sourceTree = "<group>";
		};
/* End PBXVariantGroup section */

/* Begin XCBuildConfiguration section */
		46056ECC1A19624E00C37628 /* Debug */ = {
			isa = XCBuildConfiguration;
			buildSettings = {
				ALWAYS_SEARCH_USER_PATHS = NO;
				CLANG_ANALYZER_LOCALIZABILITY_NONLOCALIZED = YES;
				CLANG_CXX_LANGUAGE_STANDARD = "gnu++0x";
				CLANG_CXX_LIBRARY = "libc++";
				CLANG_ENABLE_MODULES = YES;
				CLANG_ENABLE_OBJC_ARC = YES;
				CLANG_WARN_BLOCK_CAPTURE_AUTORELEASING = YES;
				CLANG_WARN_BOOL_CONVERSION = YES;
				CLANG_WARN_COMMA = YES;
				CLANG_WARN_CONSTANT_CONVERSION = YES;
				CLANG_WARN_DEPRECATED_OBJC_IMPLEMENTATIONS = YES;
				CLANG_WARN_DIRECT_OBJC_ISA_USAGE = YES_ERROR;
				CLANG_WARN_EMPTY_BODY = YES;
				CLANG_WARN_ENUM_CONVERSION = YES;
				CLANG_WARN_INFINITE_RECURSION = YES;
				CLANG_WARN_INT_CONVERSION = YES;
				CLANG_WARN_NON_LITERAL_NULL_CONVERSION = YES;
				CLANG_WARN_OBJC_IMPLICIT_RETAIN_SELF = YES;
				CLANG_WARN_OBJC_LITERAL_CONVERSION = YES;
				CLANG_WARN_OBJC_ROOT_CLASS = YES_ERROR;
				CLANG_WARN_QUOTED_INCLUDE_IN_FRAMEWORK_HEADER = YES;
				CLANG_WARN_RANGE_LOOP_ANALYSIS = YES;
				CLANG_WARN_STRICT_PROTOTYPES = YES;
				CLANG_WARN_SUSPICIOUS_MOVE = YES;
				CLANG_WARN_UNREACHABLE_CODE = YES;
				CLANG_WARN__DUPLICATE_METHOD_MATCH = YES;
				CODE_SIGN_IDENTITY = "-";
				COPY_PHASE_STRIP = NO;
				DEAD_CODE_STRIPPING = YES;
				ENABLE_STRICT_OBJC_MSGSEND = YES;
				ENABLE_TESTABILITY = YES;
				ENABLE_USER_SCRIPT_SANDBOXING = YES;
				GCC_C_LANGUAGE_STANDARD = gnu99;
				GCC_DYNAMIC_NO_PIC = NO;
				GCC_NO_COMMON_BLOCKS = YES;
				GCC_OPTIMIZATION_LEVEL = 0;
				GCC_PREPROCESSOR_DEFINITIONS = (
					"DEBUG=1",
					"$(inherited)",
				);
				GCC_SYMBOLS_PRIVATE_EXTERN = NO;
				GCC_WARN_64_TO_32_BIT_CONVERSION = YES;
				GCC_WARN_ABOUT_RETURN_TYPE = YES_ERROR;
				GCC_WARN_UNDECLARED_SELECTOR = YES;
				GCC_WARN_UNINITIALIZED_AUTOS = YES_AGGRESSIVE;
				GCC_WARN_UNUSED_FUNCTION = YES;
				GCC_WARN_UNUSED_VARIABLE = YES;
				MACOSX_DEPLOYMENT_TARGET = 14.0;
				MTL_ENABLE_DEBUG_INFO = YES;
				ONLY_ACTIVE_ARCH = YES;
				SDKROOT = macosx;
				SWIFT_OPTIMIZATION_LEVEL = "-Onone";
			};
			name = Debug;
		};
		46056ECD1A19624E00C37628 /* Release */ = {
			isa = XCBuildConfiguration;
			buildSettings = {
				ALWAYS_SEARCH_USER_PATHS = NO;
				CLANG_ANALYZER_LOCALIZABILITY_NONLOCALIZED = YES;
				CLANG_CXX_LANGUAGE_STANDARD = "gnu++0x";
				CLANG_CXX_LIBRARY = "libc++";
				CLANG_ENABLE_MODULES = YES;
				CLANG_ENABLE_OBJC_ARC = YES;
				CLANG_WARN_BLOCK_CAPTURE_AUTORELEASING = YES;
				CLANG_WARN_BOOL_CONVERSION = YES;
				CLANG_WARN_COMMA = YES;
				CLANG_WARN_CONSTANT_CONVERSION = YES;
				CLANG_WARN_DEPRECATED_OBJC_IMPLEMENTATIONS = YES;
				CLANG_WARN_DIRECT_OBJC_ISA_USAGE = YES_ERROR;
				CLANG_WARN_EMPTY_BODY = YES;
				CLANG_WARN_ENUM_CONVERSION = YES;
				CLANG_WARN_INFINITE_RECURSION = YES;
				CLANG_WARN_INT_CONVERSION = YES;
				CLANG_WARN_NON_LITERAL_NULL_CONVERSION = YES;
				CLANG_WARN_OBJC_IMPLICIT_RETAIN_SELF = YES;
				CLANG_WARN_OBJC_LITERAL_CONVERSION = YES;
				CLANG_WARN_OBJC_ROOT_CLASS = YES_ERROR;
				CLANG_WARN_QUOTED_INCLUDE_IN_FRAMEWORK_HEADER = YES;
				CLANG_WARN_RANGE_LOOP_ANALYSIS = YES;
				CLANG_WARN_STRICT_PROTOTYPES = YES;
				CLANG_WARN_SUSPICIOUS_MOVE = YES;
				CLANG_WARN_UNREACHABLE_CODE = YES;
				CLANG_WARN__DUPLICATE_METHOD_MATCH = YES;
				CODE_SIGN_IDENTITY = "-";
				COPY_PHASE_STRIP = YES;
				DEAD_CODE_STRIPPING = YES;
				DEBUG_INFORMATION_FORMAT = "dwarf-with-dsym";
				ENABLE_NS_ASSERTIONS = NO;
				ENABLE_STRICT_OBJC_MSGSEND = YES;
				ENABLE_USER_SCRIPT_SANDBOXING = YES;
				GCC_C_LANGUAGE_STANDARD = gnu99;
				GCC_NO_COMMON_BLOCKS = YES;
				GCC_WARN_64_TO_32_BIT_CONVERSION = YES;
				GCC_WARN_ABOUT_RETURN_TYPE = YES_ERROR;
				GCC_WARN_UNDECLARED_SELECTOR = YES;
				GCC_WARN_UNINITIALIZED_AUTOS = YES_AGGRESSIVE;
				GCC_WARN_UNUSED_FUNCTION = YES;
				GCC_WARN_UNUSED_VARIABLE = YES;
				MACOSX_DEPLOYMENT_TARGET = 14.0;
				MTL_ENABLE_DEBUG_INFO = NO;
				SDKROOT = macosx;
				SWIFT_COMPILATION_MODE = wholemodule;
				SWIFT_OPTIMIZATION_LEVEL = "-O";
			};
			name = Release;
		};
		46056ECF1A19624E00C37628 /* Debug */ = {
			isa = XCBuildConfiguration;
			buildSettings = {
				ALWAYS_EMBED_SWIFT_STANDARD_LIBRARIES = YES;
				ASSETCATALOG_COMPILER_APPICON_NAME = AppIcon;
				CLANG_ENABLE_MODULES = YES;
				CODE_SIGN_IDENTITY = "-";
				COMBINE_HIDPI_IMAGES = YES;
				CURRENT_PROJECT_VERSION = 2019.1;
				DEAD_CODE_STRIPPING = YES;
				FRAMEWORK_SEARCH_PATHS = (
					"$(inherited)",
					"$(PROJECT_DIR)",
				);
				INFOPLIST_FILE = "$(SRCROOT)/Quiz Server/Info.plist";
				INFOPLIST_KEY_LSApplicationCategoryType = "public.app-category.trivia-games";
				LD_RUNPATH_SEARCH_PATHS = (
					"$(inherited)",
					"@executable_path/../Frameworks",
				);
				MARKETING_VERSION = 2019.1;
				PRODUCT_BUNDLE_IDENTIFIER = "rj.$(PRODUCT_NAME:rfc1034identifier)";
				PRODUCT_NAME = "Quiz Server";
				SWIFT_OBJC_BRIDGING_HEADER = "Quiz Server-Bridging-Header.h";
				SWIFT_OPTIMIZATION_LEVEL = "-Onone";
				SWIFT_PRECOMPILE_BRIDGING_HEADER = NO;
				SWIFT_VERSION = 5.0;
			};
			name = Debug;
		};
		46056ED01A19624E00C37628 /* Release */ = {
			isa = XCBuildConfiguration;
			buildSettings = {
				ALWAYS_EMBED_SWIFT_STANDARD_LIBRARIES = YES;
				ASSETCATALOG_COMPILER_APPICON_NAME = AppIcon;
				CLANG_ENABLE_MODULES = YES;
				CODE_SIGN_IDENTITY = "-";
				COMBINE_HIDPI_IMAGES = YES;
				CURRENT_PROJECT_VERSION = 2019.1;
				DEAD_CODE_STRIPPING = YES;
				FRAMEWORK_SEARCH_PATHS = (
					"$(inherited)",
					"$(PROJECT_DIR)",
				);
				INFOPLIST_FILE = "$(SRCROOT)/Quiz Server/Info.plist";
				INFOPLIST_KEY_LSApplicationCategoryType = "public.app-category.trivia-games";
				LD_RUNPATH_SEARCH_PATHS = (
					"$(inherited)",
					"@executable_path/../Frameworks",
				);
				MARKETING_VERSION = 2019.1;
				PRODUCT_BUNDLE_IDENTIFIER = "rj.$(PRODUCT_NAME:rfc1034identifier)";
				PRODUCT_NAME = "Quiz Server";
				SWIFT_OBJC_BRIDGING_HEADER = "Quiz Server-Bridging-Header.h";
				SWIFT_PRECOMPILE_BRIDGING_HEADER = NO;
				SWIFT_VERSION = 5.0;
			};
			name = Release;
		};
/* End XCBuildConfiguration section */

/* Begin XCConfigurationList section */
		46056EAF1A19624E00C37628 /* Build configuration list for PBXProject "Quiz Server" */ = {
			isa = XCConfigurationList;
			buildConfigurations = (
				46056ECC1A19624E00C37628 /* Debug */,
				46056ECD1A19624E00C37628 /* Release */,
			);
			defaultConfigurationIsVisible = 0;
			defaultConfigurationName = Release;
		};
		46056ECE1A19624E00C37628 /* Build configuration list for PBXNativeTarget "Quiz Server" */ = {
			isa = XCConfigurationList;
			buildConfigurations = (
				46056ECF1A19624E00C37628 /* Debug */,
				46056ED01A19624E00C37628 /* Release */,
			);
			defaultConfigurationIsVisible = 0;
			defaultConfigurationName = Release;
		};
/* End XCConfigurationList section */
	};
	rootObject = 46056EAC1A19624E00C37628 /* Project object */;
}
