// !$*UTF8*$!
{
	archiveVersion = 1;
	classes = {
	};
	objectVersion = 60;
	objects = {

/* Begin PBXBuildFile section */
		3C0CCCC02EAEB21F008862F8 /* IdleScene.xcassets in Resources */ = {isa = PBXBuildFile; fileRef = 3C0CCCBF2EAEB21F008862F8 /* IdleScene.xcassets */; };
		3C0CCCC22EB00F4C008862F8 /* lemming.sks in Resources */ = {isa = PBXBuildFile; fileRef = 3C0CCCC12EB00F4C008862F8 /* lemming.sks */; };
		3C0CCCC42EB794F3008862F8 /* teambuzzed.sks in Resources */ = {isa = PBXBuildFile; fileRef = 3C0CCCC32EB794F3008862F8 /* teambuzzed.sks */; };
		3C1FFA10239E8E33000160B1 /* fireworks.sks in Resources */ = {isa = PBXBuildFile; fileRef = 3C1FFA0F239E8E33000160B1 /* fireworks.sks */; };
		3C2543242B123E7D008A3FDB /* LEDWebSocket.swift in Sources */ = {isa = PBXBuildFile; fileRef = 3C2543232B123E7D008A3FDB /* LEDWebSocket.swift */; };
		3C3012562EAD48FF00F80B71 /* OutlinedLabelNode.swift in Sources */ = {isa = PBXBuildFile; fileRef = 3C3012552EAD477100F80B71 /* OutlinedLabelNode.swift */; };
		3C30125A2EAE90B400F80B71 /* Idle2Scene.swift in Sources */ = {isa = PBXBuildFile; fileRef = 3C3012592EAE90AD00F80B71 /* Idle2Scene.swift */; };
		3C366CBC1FB9F0A2006BA9B1 /* TextScene.swift in Sources */ = {isa = PBXBuildFile; fileRef = 3C366CBB1FB9F0A2006BA9B1 /* TextScene.swift */; };
		3C378CFC1FBC89A900AD6168 /* TextSceneSparks.sks in Resources */ = {isa = PBXBuildFile; fileRef = 3C378CFA1FBC89A800AD6168 /* TextSceneSparks.sks */; };
		3C458A282EC73CBE00E069BA /* counter_nosting.wav in Resources */ = {isa = PBXBuildFile; fileRef = 3C458A262EC73CBE00E069BA /* counter_nosting.wav */; };
		3C458A292EC73CBE00E069BA /* counter_stops1_3.wav in Resources */ = {isa = PBXBuildFile; fileRef = 3C458A272EC73CBE00E069BA /* counter_stops1_3.wav */; };
		3C458A2C2EC73D1E00E069BA /* display_sweep.wav in Resources */ = {isa = PBXBuildFile; fileRef = 3C458A2B2EC73D1E00E069BA /* display_sweep.wav */; };
		3C458A2D2EC73D1E00E069BA /* circle_illuminates.wav in Resources */ = {isa = PBXBuildFile; fileRef = 3C458A2A2EC73D1E00E069BA /* circle_illuminates.wav */; };
		3C5CC8B31C03E18F00308572 /* SparksUp2.sks in Resources */ = {isa = PBXBuildFile; fileRef = 3C5CC8B21C03E18F00308572 /* SparksUp2.sks */; };
		3C5E2A4E1A37D0F9000D6447 /* timer.wav in Resources */ = {isa = PBXBuildFile; fileRef = 3C5E2A4C1A37D0F9000D6447 /* timer.wav */; };
		3C5E2A4F1A37D0F9000D6447 /* timerend.wav in Resources */ = {isa = PBXBuildFile; fileRef = 3C5E2A4D1A37D0F9000D6447 /* timerend.wav */; };
		3C63A1402EC4E2300044C951 /* PointlessScene.swift in Sources */ = {isa = PBXBuildFile; fileRef = 3C63A13F2EC4E22A0044C951 /* PointlessScene.swift */; };
		3C63A1422EC6516C0044C951 /* SparksPointless.sks in Resources */ = {isa = PBXBuildFile; fileRef = 3C63A1412EC6516C0044C951 /* SparksPointless.sks */; };
		3C708BF71A379EE1007E24F5 /* buzzer.wav in Resources */ = {isa = PBXBuildFile; fileRef = 3C708BF61A379EE1007E24F5 /* buzzer.wav */; };
		3C772FEC2CD79AA300F2E6FC /* Scores.swift in Sources */ = {isa = PBXBuildFile; fileRef = 3C772FEB2CD79AA000F2E6FC /* Scores.swift */; };
		3C772FF12CD7C28900F2E6FC /* ConfettiSwiftUI in Frameworks */ = {isa = PBXBuildFile; productRef = 3C772FF02CD7C28900F2E6FC /* ConfettiSwiftUI */; };
		3C772FF92CD7CD4000F2E6FC /* ScoresBackground.sks in Resources */ = {isa = PBXBuildFile; fileRef = 3C772FF82CD7CD4000F2E6FC /* ScoresBackground.sks */; };
		3C772FFB2CD8E06200F2E6FC /* StarGlow.sks in Resources */ = {isa = PBXBuildFile; fileRef = 3C772FFA2CD8E06200F2E6FC /* StarGlow.sks */; };
		3C7730072CD928EB00F2E6FC /* score6.wav in Resources */ = {isa = PBXBuildFile; fileRef = 3C7730012CD928EB00F2E6FC /* score6.wav */; };
		3C7730082CD928EB00F2E6FC /* score8.wav in Resources */ = {isa = PBXBuildFile; fileRef = 3C7730032CD928EB00F2E6FC /* score8.wav */; };
		3C7730092CD928EB00F2E6FC /* score5.wav in Resources */ = {isa = PBXBuildFile; fileRef = 3C7730002CD928EB00F2E6FC /* score5.wav */; };
		3C77300A2CD928EB00F2E6FC /* score7.wav in Resources */ = {isa = PBXBuildFile; fileRef = 3C7730022CD928EB00F2E6FC /* score7.wav */; };
		3C77300B2CD928EB00F2E6FC /* score9.wav in Resources */ = {isa = PBXBuildFile; fileRef = 3C7730042CD928EB00F2E6FC /* score9.wav */; };
		3C77300C2CD928EB00F2E6FC /* score4.wav in Resources */ = {isa = PBXBuildFile; fileRef = 3C772FFF2CD928EB00F2E6FC /* score4.wav */; };
		3C77300D2CD928EB00F2E6FC /* topscore.mp3 in Resources */ = {isa = PBXBuildFile; fileRef = 3C7730062CD928EB00F2E6FC /* topscore.mp3 */; };
		3C77300E2CD928EB00F2E6FC /* score1.wav in Resources */ = {isa = PBXBuildFile; fileRef = 3C772FFC2CD928EB00F2E6FC /* score1.wav */; };
		3C77300F2CD928EB00F2E6FC /* score10.wav in Resources */ = {isa = PBXBuildFile; fileRef = 3C7730052CD928EB00F2E6FC /* score10.wav */; };
		3C7730102CD928EB00F2E6FC /* score3.wav in Resources */ = {isa = PBXBuildFile; fileRef = 3C772FFE2CD928EB00F2E6FC /* score3.wav */; };
		3C7730112CD928EB00F2E6FC /* score2.wav in Resources */ = {isa = PBXBuildFile; fileRef = 3C772FFD2CD928EB00F2E6FC /* score2.wav */; };
		3C77C8A31DEF69E10088B36A /* location.sks in Resources */ = {isa = PBXBuildFile; fileRef = 3C77C8A11DEF69E10088B36A /* location.sks */; };
		3C77C8A41DEF69E10088B36A /* Assets.xcassets in Resources */ = {isa = PBXBuildFile; fileRef = 3C77C8A21DEF69E10088B36A /* Assets.xcassets */; };
		3C78068A2B2D1F83007D58AE /* Starscream in Frameworks */ = {isa = PBXBuildFile; productRef = 3C7806892B2D1F83007D58AE /* Starscream */; };
		3C78068D2B2D2D18007D58AE /* SwiftyJSON in Frameworks */ = {isa = PBXBuildFile; productRef = 3C78068C2B2D2D18007D58AE /* SwiftyJSON */; };
		3C7F5E591DF454AA008075B8 /* locationstar.sks in Resources */ = {isa = PBXBuildFile; fileRef = 3C7F5E581DF454AA008075B8 /* locationstar.sks */; };
		3C8517E42B2243A000BBCABA /* quietbuzz1.mp3 in Resources */ = {isa = PBXBuildFile; fileRef = 3C8517E12B22439F00BBCABA /* quietbuzz1.mp3 */; };
		3C8517E52B2243A000BBCABA /* quietbuzz2.mp3 in Resources */ = {isa = PBXBuildFile; fileRef = 3C8517E32B22439F00BBCABA /* quietbuzz2.mp3 */; };
		3C8517E92B238A6900BBCABA /* minutetimer.mp3 in Resources */ = {isa = PBXBuildFile; fileRef = 3C8517E72B238A6900BBCABA /* minutetimer.mp3 */; };
		3C872EB01C03C3F000A2B397 /* TimerScene.swift in Sources */ = {isa = PBXBuildFile; fileRef = 3C872EAF1C03C3F000A2B397 /* TimerScene.swift */; };
		3C872EB21C03D35100A2B397 /* tick.mp3 in Resources */ = {isa = PBXBuildFile; fileRef = 3C872EB11C03D35100A2B397 /* tick.mp3 */; };
		3C872EB41C03D47A00A2B397 /* blop.mp3 in Resources */ = {isa = PBXBuildFile; fileRef = 3C872EB31C03D47A00A2B397 /* blop.mp3 */; };
		3C872EB61C03D53000A2B397 /* airhorn.mp3 in Resources */ = {isa = PBXBuildFile; fileRef = 3C872EB51C03D53000A2B397 /* airhorn.mp3 */; };
		3C934627237DAEED009DBD0C /* altBuzz1.wav in Resources */ = {isa = PBXBuildFile; fileRef = 3C934626237DAEED009DBD0C /* altBuzz1.wav */; };
		3C934629237DB637009DBD0C /* altBuzz2.wav in Resources */ = {isa = PBXBuildFile; fileRef = 3C934628237DB637009DBD0C /* altBuzz2.wav */; };
		3C93462B237DB6B0009DBD0C /* altBuzz3.wav in Resources */ = {isa = PBXBuildFile; fileRef = 3C93462A237DB6B0009DBD0C /* altBuzz3.wav */; };
		3C93462D237DBF88009DBD0C /* altBuzz4.wav in Resources */ = {isa = PBXBuildFile; fileRef = 3C93462C237DBF88009DBD0C /* altBuzz4.wav */; };
		3C971C902396A50E000346A7 /* emojsplosion.sks in Resources */ = {isa = PBXBuildFile; fileRef = 3C971C8E2396A50E000346A7 /* emojsplosion.sks */; };
		3CB99F962CFCB57B00B704E2 /* orch8.wav in Resources */ = {isa = PBXBuildFile; fileRef = 3CB99F8F2CFCB57B00B704E2 /* orch8.wav */; };
		3CB99F972CFCB57B00B704E2 /* orch6.wav in Resources */ = {isa = PBXBuildFile; fileRef = 3CB99F8D2CFCB57B00B704E2 /* orch6.wav */; };
		3CB99F982CFCB57B00B704E2 /* orch3.wav in Resources */ = {isa = PBXBuildFile; fileRef = 3CB99F8A2CFCB57B00B704E2 /* orch3.wav */; };
		3CB99F992CFCB57B00B704E2 /* orch1.wav in Resources */ = {isa = PBXBuildFile; fileRef = 3CB99F882CFCB57B00B704E2 /* orch1.wav */; };
		3CB99F9A2CFCB57B00B704E2 /* orch14.wav in Resources */ = {isa = PBXBuildFile; fileRef = 3CB99F952CFCB57B00B704E2 /* orch14.wav */; };
		3CB99F9B2CFCB57B00B704E2 /* orch2.wav in Resources */ = {isa = PBXBuildFile; fileRef = 3CB99F892CFCB57B00B704E2 /* orch2.wav */; };
		3CB99F9C2CFCB57B00B704E2 /* orch9.wav in Resources */ = {isa = PBXBuildFile; fileRef = 3CB99F902CFCB57B00B704E2 /* orch9.wav */; };
		3CB99F9D2CFCB57B00B704E2 /* orch13.wav in Resources */ = {isa = PBXBuildFile; fileRef = 3CB99F942CFCB57B00B704E2 /* orch13.wav */; };
		3CB99F9E2CFCB57B00B704E2 /* orch11.wav in Resources */ = {isa = PBXBuildFile; fileRef = 3CB99F922CFCB57B00B704E2 /* orch11.wav */; };
		3CB99F9F2CFCB57B00B704E2 /* orch7.wav in Resources */ = {isa = PBXBuildFile; fileRef = 3CB99F8E2CFCB57B00B704E2 /* orch7.wav */; };
		3CB99FA02CFCB57B00B704E2 /* orch10.wav in Resources */ = {isa = PBXBuildFile; fileRef = 3CB99F912CFCB57B00B704E2 /* orch10.wav */; };
		3CB99FA12CFCB57B00B704E2 /* orch4.wav in Resources */ = {isa = PBXBuildFile; fileRef = 3CB99F8B2CFCB57B00B704E2 /* orch4.wav */; };
		3CB99FA22CFCB57B00B704E2 /* orch5.wav in Resources */ = {isa = PBXBuildFile; fileRef = 3CB99F8C2CFCB57B00B704E2 /* orch5.wav */; };
		3CB99FA32CFCB57B00B704E2 /* orch12.wav in Resources */ = {isa = PBXBuildFile; fileRef = 3CB99F932CFCB57B00B704E2 /* orch12.wav */; };
		3CC339FA2B277C95000D8CCE /* TrueFalseScene.swift in Sources */ = {isa = PBXBuildFile; fileRef = 3CC339F92B277C95000D8CCE /* TrueFalseScene.swift */; };
		3CC862842B138BDC0060A7E0 /* drums.wav in Resources */ = {isa = PBXBuildFile; fileRef = 3CC862822B138BDC0060A7E0 /* drums.wav */; };
		3CD1DF581A306820003DEA9F /* counter_wrong.wav in Resources */ = {isa = PBXBuildFile; fileRef = 3CD1DF541A306820003DEA9F /* counter_wrong.wav */; };
		3CD1DF591A306820003DEA9F /* counter_score.wav in Resources */ = {isa = PBXBuildFile; fileRef = 3CD1DF551A306820003DEA9F /* counter_score.wav */; };
		3CD1DF5A1A306820003DEA9F /* counter_soft_end.wav in Resources */ = {isa = PBXBuildFile; fileRef = 3CD1DF561A306820003DEA9F /* counter_soft_end.wav */; };
		3CD1DF5B1A306820003DEA9F /* counter_score2.wav in Resources */ = {isa = PBXBuildFile; fileRef = 3CD1DF571A306820003DEA9F /* counter_score2.wav */; };
		3CD1DF631A3069CC003DEA9F /* QuartzCore.framework in Frameworks */ = {isa = PBXBuildFile; fileRef = 3CD1DF621A3069CC003DEA9F /* QuartzCore.framework */; };
		3CF41C211C04C7D100785564 /* TimerSpray.sks in Resources */ = {isa = PBXBuildFile; fileRef = 3CF41C1F1C04C7D100785564 /* TimerSpray.sks */; };
		3CF749212EABE57F00A38676 /* Settings.swift in Sources */ = {isa = PBXBuildFile; fileRef = 3CF749202EABE57800A38676 /* Settings.swift */; };
		3CF78EFA23954DB9007FC394 /* NumbersScene.swift in Sources */ = {isa = PBXBuildFile; fileRef = 3CF78EF923954DB9007FC394 /* NumbersScene.swift */; };
		3CF78EFD2396A11A007FC394 /* tada.mp3 in Resources */ = {isa = PBXBuildFile; fileRef = 3CF78EFC2396A11A007FC394 /* tada.mp3 */; };
		46056EBA1A19624E00C37628 /* AppDelegate.swift in Sources */ = {isa = PBXBuildFile; fileRef = 46056EB91A19624E00C37628 /* AppDelegate.swift */; };
		46056EBC1A19624E00C37628 /* Images.xcassets in Resources */ = {isa = PBXBuildFile; fileRef = 46056EBB1A19624E00C37628 /* Images.xcassets */; };
		46056EBF1A19624E00C37628 /* MainMenu.xib in Resources */ = {isa = PBXBuildFile; fileRef = 46056EBD1A19624E00C37628 /* MainMenu.xib */; };
		46056ED61A1974A800C37628 /* StartupView.swift in Sources */ = {isa = PBXBuildFile; fileRef = 46056ED51A1974A800C37628 /* StartupView.swift */; };
		4606F5E51BF926E200D2599B /* BuzzParticles.sks in Resources */ = {isa = PBXBuildFile; fileRef = 4606F5E31BF926E200D2599B /* BuzzParticles.sks */; };
		4606F5E61BF926E200D2599B /* BuzzGlow.sks in Resources */ = {isa = PBXBuildFile; fileRef = 4606F5E41BF926E200D2599B /* BuzzGlow.sks */; };
		461672391DF838150049C8D1 /* locationnumber.sks in Resources */ = {isa = PBXBuildFile; fileRef = 461672381DF838150049C8D1 /* locationnumber.sks */; };
		461672431DF87C470049C8D1 /* BoggleSparks.sks in Resources */ = {isa = PBXBuildFile; fileRef = 461672421DF87C470049C8D1 /* BoggleSparks.sks */; };
		4616724A1DF87DA30049C8D1 /* BoggleSparksBonus.sks in Resources */ = {isa = PBXBuildFile; fileRef = 461672491DF87DA30049C8D1 /* BoggleSparksBonus.sks */; };
		4634F74F21B6DBD600C9862F /* SnowBackground.sks in Resources */ = {isa = PBXBuildFile; fileRef = 4634F74D21B6DBD600C9862F /* SnowBackground.sks */; };
		463EA5DC2396D6CC00118892 /* scratch2.wav in Resources */ = {isa = PBXBuildFile; fileRef = 463EA5D82396D6CC00118892 /* scratch2.wav */; };
		463EA5DE2396D6CC00118892 /* scratch1.wav in Resources */ = {isa = PBXBuildFile; fileRef = 463EA5DA2396D6CC00118892 /* scratch1.wav */; };
		463EA5DF2396D6CC00118892 /* scratch3.wav in Resources */ = {isa = PBXBuildFile; fileRef = 463EA5DB2396D6CC00118892 /* scratch3.wav */; };
		463FDE821A39039500FA9B3F /* Snowmoji.sks in Resources */ = {isa = PBXBuildFile; fileRef = 463FDE811A39039500FA9B3F /* Snowmoji.sks */; };
		46498C831A3F366700CAFACC /* Snow.sks in Resources */ = {isa = PBXBuildFile; fileRef = 46498C821A3F366700CAFACC /* Snow.sks */; };
		4654E6F31C0B71EF0048F5D9 /* SparksDownImage.sks in Resources */ = {isa = PBXBuildFile; fileRef = 4654E6F21C0B71EF0048F5D9 /* SparksDownImage.sks */; };
		4656CA1B1A39100200A70F91 /* SparksDown.sks in Resources */ = {isa = PBXBuildFile; fileRef = 4656CA1A1A39100200A70F91 /* SparksDown.sks */; };
		46596C801A38DE5900822FB7 /* SpriteKit.framework in Frameworks */ = {isa = PBXBuildFile; fileRef = 46596C7F1A38DE5900822FB7 /* SpriteKit.framework */; };
		46596C831A38E04800822FB7 /* SparksUp.sks in Resources */ = {isa = PBXBuildFile; fileRef = 46596C811A38E04800822FB7 /* SparksUp.sks */; };
		46596C841A38E04800822FB7 /* spark.png in Resources */ = {isa = PBXBuildFile; fileRef = 46596C821A38E04800822FB7 /* spark.png */; };
		465FDFE81A372E5E00734431 /* eight.wav in Resources */ = {isa = PBXBuildFile; fileRef = 465FDFE71A372E5E00734431 /* eight.wav */; };
		466894E9239E99CB009CB9CC /* SnowtopCaps.otf in CopyFiles */ = {isa = PBXBuildFile; fileRef = 466894E7239E99A1009CB9CC /* SnowtopCaps.otf */; };
		466B46D51DEC98E400428CDC /* GeographyScene.swift in Sources */ = {isa = PBXBuildFile; fileRef = 466B46D41DEC98E400428CDC /* GeographyScene.swift */; };
		468B090B1FD6005D0052047A /* Shower.sks in Resources */ = {isa = PBXBuildFile; fileRef = 468B090A1FD6005D0052047A /* Shower.sks */; };
		46A739361BFAAD9800E03DE5 /* SpriteKitViewController.swift in Sources */ = {isa = PBXBuildFile; fileRef = 46A739341BFAAD9800E03DE5 /* SpriteKitViewController.swift */; };
		46A739371BFAAD9800E03DE5 /* SpriteKitViewController.xib in Resources */ = {isa = PBXBuildFile; fileRef = 46A739351BFAAD9800E03DE5 /* SpriteKitViewController.xib */; };
		46A739391BFAB45300E03DE5 /* BuzzerScene.swift in Sources */ = {isa = PBXBuildFile; fileRef = 46A739381BFAB45300E03DE5 /* BuzzerScene.swift */; };
		46A7393B1BFAB46A00E03DE5 /* TestScene.swift in Sources */ = {isa = PBXBuildFile; fileRef = 46A7393A1BFAB46A00E03DE5 /* TestScene.swift */; };
		46A7393D1BFAB7AA00E03DE5 /* BuzzerTeamNode.swift in Sources */ = {isa = PBXBuildFile; fileRef = 46A7393C1BFAB7AA00E03DE5 /* BuzzerTeamNode.swift */; };
		46B0254B1A1BF04D0088294B /* IOKit.framework in Frameworks */ = {isa = PBXBuildFile; fileRef = 46B0254A1A1BF04D0088294B /* IOKit.framework */; };
		46B025BA1A1C0FE10088294B /* ControllerWindowController.swift in Sources */ = {isa = PBXBuildFile; fileRef = 46B025B81A1C0FE10088294B /* ControllerWindowController.swift */; };
		46B025BB1A1C0FE10088294B /* ControllerWindow.xib in Resources */ = {isa = PBXBuildFile; fileRef = 46B025B91A1C0FE10088294B /* ControllerWindow.xib */; };
		46BBC4541DF0768600C41112 /* EHSMB.TTF in CopyFiles */ = {isa = PBXBuildFile; fileRef = 46BBC4461DF0725600C41112 /* EHSMB.TTF */; };
		46C8C03E1DF8896600A989D6 /* NeutraDisp Titling.otf in CopyFiles */ = {isa = PBXBuildFile; fileRef = 4616724D1DF8891D0049C8D1 /* NeutraDisp Titling.otf */; };
		46DF9D08239672FF00D019A3 /* MusicScene.swift in Sources */ = {isa = PBXBuildFile; fileRef = 46DF9D07239672FF00D019A3 /* MusicScene.swift */; };
		46EBD4AA1C0B67DE0004A110 /* SparksUpImage.sks in Resources */ = {isa = PBXBuildFile; fileRef = 46EBD4A91C0B67DE0004A110 /* SparksUpImage.sks */; };
		46EE3977239EA694006298D1 /* SparksLeft.sks in Resources */ = {isa = PBXBuildFile; fileRef = 46EE3976239EA694006298D1 /* SparksLeft.sks */; };
		46F9A1281BFA8D88003E4023 /* IdleScene.swift in Sources */ = {isa = PBXBuildFile; fileRef = 46F9A1271BFA8D88003E4023 /* IdleScene.swift */; };
/* End PBXBuildFile section */

/* Begin PBXCopyFilesBuildPhase section */
		46B025701A1BF4ED0088294B /* Embed Frameworks */ = {
			isa = PBXCopyFilesBuildPhase;
			buildActionMask = 2147483647;
			dstPath = "";
			dstSubfolderSpec = 10;
			files = (
			);
			name = "Embed Frameworks";
			runOnlyForDeploymentPostprocessing = 0;
		};
		46BBC4531DF0765B00C41112 /* CopyFiles */ = {
			isa = PBXCopyFilesBuildPhase;
			buildActionMask = 2147483647;
			dstPath = Fonts;
			dstSubfolderSpec = 7;
			files = (
				466894E9239E99CB009CB9CC /* SnowtopCaps.otf in CopyFiles */,
				46BBC4541DF0768600C41112 /* EHSMB.TTF in CopyFiles */,
				46C8C03E1DF8896600A989D6 /* NeutraDisp Titling.otf in CopyFiles */,
			);
			runOnlyForDeploymentPostprocessing = 0;
		};
/* End PBXCopyFilesBuildPhase section */

/* Begin PBXFileReference section */
		3C0CCCBF2EAEB21F008862F8 /* IdleScene.xcassets */ = {isa = PBXFileReference; lastKnownFileType = folder.assetcatalog; path = IdleScene.xcassets; sourceTree = "<group>"; };
		3C0CCCC12EB00F4C008862F8 /* lemming.sks */ = {isa = PBXFileReference; lastKnownFileType = file.sks; path = lemming.sks; sourceTree = "<group>"; };
		3C0CCCC32EB794F3008862F8 /* teambuzzed.sks */ = {isa = PBXFileReference; lastKnownFileType = file.sks; path = teambuzzed.sks; sourceTree = "<group>"; };
		3C1FFA0F239E8E33000160B1 /* fireworks.sks */ = {isa = PBXFileReference; lastKnownFileType = file.sks; path = fireworks.sks; sourceTree = "<group>"; };
		3C2543232B123E7D008A3FDB /* LEDWebSocket.swift */ = {isa = PBXFileReference; lastKnownFileType = sourcecode.swift; path = LEDWebSocket.swift; sourceTree = "<group>"; };
		3C3012552EAD477100F80B71 /* OutlinedLabelNode.swift */ = {isa = PBXFileReference; lastKnownFileType = sourcecode.swift; path = OutlinedLabelNode.swift; sourceTree = "<group>"; };
		3C3012592EAE90AD00F80B71 /* Idle2Scene.swift */ = {isa = PBXFileReference; lastKnownFileType = sourcecode.swift; path = Idle2Scene.swift; sourceTree = "<group>"; };
		3C366CBB1FB9F0A2006BA9B1 /* TextScene.swift */ = {isa = PBXFileReference; lastKnownFileType = sourcecode.swift; path = TextScene.swift; sourceTree = "<group>"; };
		3C378CFA1FBC89A800AD6168 /* TextSceneSparks.sks */ = {isa = PBXFileReference; lastKnownFileType = file.sks; path = TextSceneSparks.sks; sourceTree = "<group>"; };
		3C458A262EC73CBE00E069BA /* counter_nosting.wav */ = {isa = PBXFileReference; lastKnownFileType = audio.wav; path = counter_nosting.wav; sourceTree = "<group>"; };
		3C458A272EC73CBE00E069BA /* counter_stops1_3.wav */ = {isa = PBXFileReference; lastKnownFileType = audio.wav; path = counter_stops1_3.wav; sourceTree = "<group>"; };
		3C458A2A2EC73D1E00E069BA /* circle_illuminates.wav */ = {isa = PBXFileReference; lastKnownFileType = audio.wav; path = circle_illuminates.wav; sourceTree = "<group>"; };
		3C458A2B2EC73D1E00E069BA /* display_sweep.wav */ = {isa = PBXFileReference; lastKnownFileType = audio.wav; path = display_sweep.wav; sourceTree = "<group>"; };
		3C5CC8B21C03E18F00308572 /* SparksUp2.sks */ = {isa = PBXFileReference; lastKnownFileType = file.sks; path = SparksUp2.sks; sourceTree = "<group>"; };
		3C5E2A4C1A37D0F9000D6447 /* timer.wav */ = {isa = PBXFileReference; lastKnownFileType = audio.wav; path = timer.wav; sourceTree = "<group>"; };
		3C5E2A4D1A37D0F9000D6447 /* timerend.wav */ = {isa = PBXFileReference; lastKnownFileType = audio.wav; path = timerend.wav; sourceTree = "<group>"; };
		3C63A13F2EC4E22A0044C951 /* PointlessScene.swift */ = {isa = PBXFileReference; lastKnownFileType = sourcecode.swift; path = PointlessScene.swift; sourceTree = "<group>"; };
		3C63A1412EC6516C0044C951 /* SparksPointless.sks */ = {isa = PBXFileReference; lastKnownFileType = file.sks; name = SparksPointless.sks; path = "Quiz Server/SparksPointless.sks"; sourceTree = SOURCE_ROOT; };
		3C708BF61A379EE1007E24F5 /* buzzer.wav */ = {isa = PBXFileReference; lastKnownFileType = audio.wav; path = buzzer.wav; sourceTree = "<group>"; };
		3C772FEB2CD79AA000F2E6FC /* Scores.swift */ = {isa = PBXFileReference; lastKnownFileType = sourcecode.swift; path = Scores.swift; sourceTree = "<group>"; };
		3C772FF82CD7CD4000F2E6FC /* ScoresBackground.sks */ = {isa = PBXFileReference; lastKnownFileType = file.sks; path = ScoresBackground.sks; sourceTree = "<group>"; };
		3C772FFA2CD8E06200F2E6FC /* StarGlow.sks */ = {isa = PBXFileReference; lastKnownFileType = file.sks; path = StarGlow.sks; sourceTree = "<group>"; };
		3C772FFC2CD928EB00F2E6FC /* score1.wav */ = {isa = PBXFileReference; lastKnownFileType = audio.wav; path = score1.wav; sourceTree = "<group>"; };
		3C772FFD2CD928EB00F2E6FC /* score2.wav */ = {isa = PBXFileReference; lastKnownFileType = audio.wav; path = score2.wav; sourceTree = "<group>"; };
		3C772FFE2CD928EB00F2E6FC /* score3.wav */ = {isa = PBXFileReference; lastKnownFileType = audio.wav; path = score3.wav; sourceTree = "<group>"; };
		3C772FFF2CD928EB00F2E6FC /* score4.wav */ = {isa = PBXFileReference; lastKnownFileType = audio.wav; path = score4.wav; sourceTree = "<group>"; };
		3C7730002CD928EB00F2E6FC /* score5.wav */ = {isa = PBXFileReference; lastKnownFileType = audio.wav; path = score5.wav; sourceTree = "<group>"; };
		3C7730012CD928EB00F2E6FC /* score6.wav */ = {isa = PBXFileReference; lastKnownFileType = audio.wav; path = score6.wav; sourceTree = "<group>"; };
		3C7730022CD928EB00F2E6FC /* score7.wav */ = {isa = PBXFileReference; lastKnownFileType = audio.wav; path = score7.wav; sourceTree = "<group>"; };
		3C7730032CD928EB00F2E6FC /* score8.wav */ = {isa = PBXFileReference; lastKnownFileType = audio.wav; path = score8.wav; sourceTree = "<group>"; };
		3C7730042CD928EB00F2E6FC /* score9.wav */ = {isa = PBXFileReference; lastKnownFileType = audio.wav; path = score9.wav; sourceTree = "<group>"; };
		3C7730052CD928EB00F2E6FC /* score10.wav */ = {isa = PBXFileReference; lastKnownFileType = audio.wav; path = score10.wav; sourceTree = "<group>"; };
		3C7730062CD928EB00F2E6FC /* topscore.mp3 */ = {isa = PBXFileReference; lastKnownFileType = audio.mp3; path = topscore.mp3; sourceTree = "<group>"; };
		3C77C8A11DEF69E10088B36A /* location.sks */ = {isa = PBXFileReference; lastKnownFileType = file.sks; path = location.sks; sourceTree = "<group>"; };
		3C77C8A21DEF69E10088B36A /* Assets.xcassets */ = {isa = PBXFileReference; lastKnownFileType = folder.assetcatalog; path = Assets.xcassets; sourceTree = "<group>"; };
		3C7F5E581DF454AA008075B8 /* locationstar.sks */ = {isa = PBXFileReference; lastKnownFileType = file.sks; path = locationstar.sks; sourceTree = "<group>"; };
		3C8517E12B22439F00BBCABA /* quietbuzz1.mp3 */ = {isa = PBXFileReference; lastKnownFileType = audio.mp3; path = quietbuzz1.mp3; sourceTree = "<group>"; };
		3C8517E32B22439F00BBCABA /* quietbuzz2.mp3 */ = {isa = PBXFileReference; lastKnownFileType = audio.mp3; path = quietbuzz2.mp3; sourceTree = "<group>"; };
		3C8517E72B238A6900BBCABA /* minutetimer.mp3 */ = {isa = PBXFileReference; lastKnownFileType = audio.mp3; path = minutetimer.mp3; sourceTree = "<group>"; };
		3C872EAF1C03C3F000A2B397 /* TimerScene.swift */ = {isa = PBXFileReference; fileEncoding = 4; lastKnownFileType = sourcecode.swift; path = TimerScene.swift; sourceTree = "<group>"; };
		3C872EB11C03D35100A2B397 /* tick.mp3 */ = {isa = PBXFileReference; lastKnownFileType = audio.mp3; path = tick.mp3; sourceTree = "<group>"; };
		3C872EB31C03D47A00A2B397 /* blop.mp3 */ = {isa = PBXFileReference; lastKnownFileType = audio.mp3; path = blop.mp3; sourceTree = "<group>"; };
		3C872EB51C03D53000A2B397 /* airhorn.mp3 */ = {isa = PBXFileReference; lastKnownFileType = audio.mp3; path = airhorn.mp3; sourceTree = "<group>"; };
		3C934626237DAEED009DBD0C /* altBuzz1.wav */ = {isa = PBXFileReference; lastKnownFileType = audio.wav; path = altBuzz1.wav; sourceTree = "<group>"; };
		3C934628237DB637009DBD0C /* altBuzz2.wav */ = {isa = PBXFileReference; lastKnownFileType = audio.wav; path = altBuzz2.wav; sourceTree = "<group>"; };
		3C93462A237DB6B0009DBD0C /* altBuzz3.wav */ = {isa = PBXFileReference; lastKnownFileType = audio.wav; path = altBuzz3.wav; sourceTree = "<group>"; };
		3C93462C237DBF88009DBD0C /* altBuzz4.wav */ = {isa = PBXFileReference; lastKnownFileType = audio.wav; path = altBuzz4.wav; sourceTree = "<group>"; };
		3C971C8E2396A50E000346A7 /* emojsplosion.sks */ = {isa = PBXFileReference; lastKnownFileType = file.sks; path = emojsplosion.sks; sourceTree = "<group>"; };
		3CB99F882CFCB57B00B704E2 /* orch1.wav */ = {isa = PBXFileReference; lastKnownFileType = audio.wav; path = orch1.wav; sourceTree = "<group>"; };
		3CB99F892CFCB57B00B704E2 /* orch2.wav */ = {isa = PBXFileReference; lastKnownFileType = audio.wav; path = orch2.wav; sourceTree = "<group>"; };
		3CB99F8A2CFCB57B00B704E2 /* orch3.wav */ = {isa = PBXFileReference; lastKnownFileType = audio.wav; path = orch3.wav; sourceTree = "<group>"; };
		3CB99F8B2CFCB57B00B704E2 /* orch4.wav */ = {isa = PBXFileReference; lastKnownFileType = audio.wav; path = orch4.wav; sourceTree = "<group>"; };
		3CB99F8C2CFCB57B00B704E2 /* orch5.wav */ = {isa = PBXFileReference; lastKnownFileType = audio.wav; path = orch5.wav; sourceTree = "<group>"; };
		3CB99F8D2CFCB57B00B704E2 /* orch6.wav */ = {isa = PBXFileReference; lastKnownFileType = audio.wav; path = orch6.wav; sourceTree = "<group>"; };
		3CB99F8E2CFCB57B00B704E2 /* orch7.wav */ = {isa = PBXFileReference; lastKnownFileType = audio.wav; path = orch7.wav; sourceTree = "<group>"; };
		3CB99F8F2CFCB57B00B704E2 /* orch8.wav */ = {isa = PBXFileReference; lastKnownFileType = audio.wav; path = orch8.wav; sourceTree = "<group>"; };
		3CB99F902CFCB57B00B704E2 /* orch9.wav */ = {isa = PBXFileReference; lastKnownFileType = audio.wav; path = orch9.wav; sourceTree = "<group>"; };
		3CB99F912CFCB57B00B704E2 /* orch10.wav */ = {isa = PBXFileReference; lastKnownFileType = audio.wav; path = orch10.wav; sourceTree = "<group>"; };
		3CB99F922CFCB57B00B704E2 /* orch11.wav */ = {isa = PBXFileReference; lastKnownFileType = audio.wav; path = orch11.wav; sourceTree = "<group>"; };
		3CB99F932CFCB57B00B704E2 /* orch12.wav */ = {isa = PBXFileReference; lastKnownFileType = audio.wav; path = orch12.wav; sourceTree = "<group>"; };
		3CB99F942CFCB57B00B704E2 /* orch13.wav */ = {isa = PBXFileReference; lastKnownFileType = audio.wav; path = orch13.wav; sourceTree = "<group>"; };
		3CB99F952CFCB57B00B704E2 /* orch14.wav */ = {isa = PBXFileReference; lastKnownFileType = audio.wav; path = orch14.wav; sourceTree = "<group>"; };
		3CC339F92B277C95000D8CCE /* TrueFalseScene.swift */ = {isa = PBXFileReference; lastKnownFileType = sourcecode.swift; path = TrueFalseScene.swift; sourceTree = "<group>"; };
		3CC862822B138BDC0060A7E0 /* drums.wav */ = {isa = PBXFileReference; lastKnownFileType = audio.wav; path = drums.wav; sourceTree = "<group>"; };
		3CD1DF541A306820003DEA9F /* counter_wrong.wav */ = {isa = PBXFileReference; lastKnownFileType = audio.wav; path = counter_wrong.wav; sourceTree = "<group>"; };
		3CD1DF551A306820003DEA9F /* counter_score.wav */ = {isa = PBXFileReference; lastKnownFileType = audio.wav; path = counter_score.wav; sourceTree = "<group>"; };
		3CD1DF561A306820003DEA9F /* counter_soft_end.wav */ = {isa = PBXFileReference; lastKnownFileType = audio.wav; path = counter_soft_end.wav; sourceTree = "<group>"; };
		3CD1DF571A306820003DEA9F /* counter_score2.wav */ = {isa = PBXFileReference; lastKnownFileType = audio.wav; path = counter_score2.wav; sourceTree = "<group>"; };
		3CD1DF621A3069CC003DEA9F /* QuartzCore.framework */ = {isa = PBXFileReference; lastKnownFileType = wrapper.framework; name = QuartzCore.framework; path = System/Library/Frameworks/QuartzCore.framework; sourceTree = SDKROOT; };
		3CF41C1F1C04C7D100785564 /* TimerSpray.sks */ = {isa = PBXFileReference; lastKnownFileType = file.sks; path = TimerSpray.sks; sourceTree = "<group>"; };
		3CF749202EABE57800A38676 /* Settings.swift */ = {isa = PBXFileReference; lastKnownFileType = sourcecode.swift; path = Settings.swift; sourceTree = "<group>"; };
		3CF78EF923954DB9007FC394 /* NumbersScene.swift */ = {isa = PBXFileReference; fileEncoding = 4; lastKnownFileType = sourcecode.swift; path = NumbersScene.swift; sourceTree = "<group>"; };
		3CF78EFC2396A11A007FC394 /* tada.mp3 */ = {isa = PBXFileReference; lastKnownFileType = audio.mp3; path = tada.mp3; sourceTree = "<group>"; };
		46056EB41A19624E00C37628 /* Quiz Server.app */ = {isa = PBXFileReference; explicitFileType = wrapper.application; includeInIndex = 0; path = "Quiz Server.app"; sourceTree = BUILT_PRODUCTS_DIR; };
		46056EB81A19624E00C37628 /* Info.plist */ = {isa = PBXFileReference; lastKnownFileType = text.plist.xml; path = Info.plist; sourceTree = "<group>"; };
		46056EB91A19624E00C37628 /* AppDelegate.swift */ = {isa = PBXFileReference; lastKnownFileType = sourcecode.swift; path = AppDelegate.swift; sourceTree = "<group>"; };
		46056EBB1A19624E00C37628 /* Images.xcassets */ = {isa = PBXFileReference; lastKnownFileType = folder.assetcatalog; path = Images.xcassets; sourceTree = "<group>"; };
		46056EBE1A19624E00C37628 /* Base */ = {isa = PBXFileReference; lastKnownFileType = file.xib; name = Base; path = Base.lproj/MainMenu.xib; sourceTree = "<group>"; };
		46056ED51A1974A800C37628 /* StartupView.swift */ = {isa = PBXFileReference; fileEncoding = 4; lastKnownFileType = sourcecode.swift; path = StartupView.swift; sourceTree = "<group>"; };
		4606F5E31BF926E200D2599B /* BuzzParticles.sks */ = {isa = PBXFileReference; lastKnownFileType = file.sks; path = BuzzParticles.sks; sourceTree = "<group>"; };
		4606F5E41BF926E200D2599B /* BuzzGlow.sks */ = {isa = PBXFileReference; lastKnownFileType = file.sks; path = BuzzGlow.sks; sourceTree = "<group>"; };
		461672381DF838150049C8D1 /* locationnumber.sks */ = {isa = PBXFileReference; lastKnownFileType = file.sks; path = locationnumber.sks; sourceTree = "<group>"; };
		461672421DF87C470049C8D1 /* BoggleSparks.sks */ = {isa = PBXFileReference; lastKnownFileType = file.sks; path = BoggleSparks.sks; sourceTree = "<group>"; };
		461672491DF87DA30049C8D1 /* BoggleSparksBonus.sks */ = {isa = PBXFileReference; lastKnownFileType = file.sks; path = BoggleSparksBonus.sks; sourceTree = "<group>"; };
		4616724D1DF8891D0049C8D1 /* NeutraDisp Titling.otf */ = {isa = PBXFileReference; lastKnownFileType = file; path = "NeutraDisp Titling.otf"; sourceTree = "<group>"; };
		4634F74D21B6DBD600C9862F /* SnowBackground.sks */ = {isa = PBXFileReference; lastKnownFileType = file.sks; path = SnowBackground.sks; sourceTree = "<group>"; };
		463EA5D82396D6CC00118892 /* scratch2.wav */ = {isa = PBXFileReference; lastKnownFileType = audio.wav; path = scratch2.wav; sourceTree = "<group>"; };
		463EA5DA2396D6CC00118892 /* scratch1.wav */ = {isa = PBXFileReference; lastKnownFileType = audio.wav; path = scratch1.wav; sourceTree = "<group>"; };
		463EA5DB2396D6CC00118892 /* scratch3.wav */ = {isa = PBXFileReference; lastKnownFileType = audio.wav; path = scratch3.wav; sourceTree = "<group>"; };
		463FDE811A39039500FA9B3F /* Snowmoji.sks */ = {isa = PBXFileReference; lastKnownFileType = file.sks; path = Snowmoji.sks; sourceTree = "<group>"; };
		46498C821A3F366700CAFACC /* Snow.sks */ = {isa = PBXFileReference; lastKnownFileType = file.sks; path = Snow.sks; sourceTree = "<group>"; };
		4654E6F21C0B71EF0048F5D9 /* SparksDownImage.sks */ = {isa = PBXFileReference; lastKnownFileType = file.sks; path = SparksDownImage.sks; sourceTree = "<group>"; };
		4656CA1A1A39100200A70F91 /* SparksDown.sks */ = {isa = PBXFileReference; lastKnownFileType = file.sks; path = SparksDown.sks; sourceTree = "<group>"; };
		46596C7F1A38DE5900822FB7 /* SpriteKit.framework */ = {isa = PBXFileReference; lastKnownFileType = wrapper.framework; name = SpriteKit.framework; path = System/Library/Frameworks/SpriteKit.framework; sourceTree = SDKROOT; };
		46596C811A38E04800822FB7 /* SparksUp.sks */ = {isa = PBXFileReference; lastKnownFileType = file.sks; path = SparksUp.sks; sourceTree = "<group>"; };
		46596C821A38E04800822FB7 /* spark.png */ = {isa = PBXFileReference; lastKnownFileType = image.png; path = spark.png; sourceTree = "<group>"; };
		465FDFE71A372E5E00734431 /* eight.wav */ = {isa = PBXFileReference; lastKnownFileType = audio.wav; path = eight.wav; sourceTree = "<group>"; };
		466894E7239E99A1009CB9CC /* SnowtopCaps.otf */ = {isa = PBXFileReference; lastKnownFileType = file; path = SnowtopCaps.otf; sourceTree = "<group>"; };
		466B46D41DEC98E400428CDC /* GeographyScene.swift */ = {isa = PBXFileReference; fileEncoding = 4; lastKnownFileType = sourcecode.swift; path = GeographyScene.swift; sourceTree = "<group>"; };
		468B090A1FD6005D0052047A /* Shower.sks */ = {isa = PBXFileReference; lastKnownFileType = file.sks; path = Shower.sks; sourceTree = "<group>"; };
		46A739341BFAAD9800E03DE5 /* SpriteKitViewController.swift */ = {isa = PBXFileReference; fileEncoding = 4; lastKnownFileType = sourcecode.swift; path = SpriteKitViewController.swift; sourceTree = "<group>"; };
		46A739351BFAAD9800E03DE5 /* SpriteKitViewController.xib */ = {isa = PBXFileReference; fileEncoding = 4; lastKnownFileType = file.xib; path = SpriteKitViewController.xib; sourceTree = "<group>"; };
		46A739381BFAB45300E03DE5 /* BuzzerScene.swift */ = {isa = PBXFileReference; fileEncoding = 4; lastKnownFileType = sourcecode.swift; path = BuzzerScene.swift; sourceTree = "<group>"; };
		46A7393A1BFAB46A00E03DE5 /* TestScene.swift */ = {isa = PBXFileReference; fileEncoding = 4; lastKnownFileType = sourcecode.swift; path = TestScene.swift; sourceTree = "<group>"; };
		46A7393C1BFAB7AA00E03DE5 /* BuzzerTeamNode.swift */ = {isa = PBXFileReference; fileEncoding = 4; lastKnownFileType = sourcecode.swift; path = BuzzerTeamNode.swift; sourceTree = "<group>"; };
		46B0254A1A1BF04D0088294B /* IOKit.framework */ = {isa = PBXFileReference; lastKnownFileType = wrapper.framework; name = IOKit.framework; path = System/Library/Frameworks/IOKit.framework; sourceTree = SDKROOT; };
		46B025B81A1C0FE10088294B /* ControllerWindowController.swift */ = {isa = PBXFileReference; fileEncoding = 4; lastKnownFileType = sourcecode.swift; path = ControllerWindowController.swift; sourceTree = "<group>"; };
		46B025B91A1C0FE10088294B /* ControllerWindow.xib */ = {isa = PBXFileReference; fileEncoding = 4; lastKnownFileType = file.xib; path = ControllerWindow.xib; sourceTree = "<group>"; };
		46BBC4461DF0725600C41112 /* EHSMB.TTF */ = {isa = PBXFileReference; lastKnownFileType = file; path = EHSMB.TTF; sourceTree = "<group>"; };
		46BBD3D021B847980010319E /* Clock.playground */ = {isa = PBXFileReference; lastKnownFileType = file.playground; path = Clock.playground; sourceTree = "<group>"; xcLanguageSpecificationIdentifier = xcode.lang.swift; };
		46DF9D07239672FF00D019A3 /* MusicScene.swift */ = {isa = PBXFileReference; lastKnownFileType = sourcecode.swift; path = MusicScene.swift; sourceTree = "<group>"; };
		46EBD4A91C0B67DE0004A110 /* SparksUpImage.sks */ = {isa = PBXFileReference; lastKnownFileType = file.sks; path = SparksUpImage.sks; sourceTree = "<group>"; };
		46EE3976239EA694006298D1 /* SparksLeft.sks */ = {isa = PBXFileReference; lastKnownFileType = file.sks; name = SparksLeft.sks; path = Playgrounds/Anniversary.playground/Resources/SparksLeft.sks; sourceTree = SOURCE_ROOT; };
		46EE3979239EA6D8006298D1 /* Anniversary.playground */ = {isa = PBXFileReference; lastKnownFileType = file.playground; path = Anniversary.playground; sourceTree = "<group>"; xcLanguageSpecificationIdentifier = xcode.lang.swift; };
		46F9A1271BFA8D88003E4023 /* IdleScene.swift */ = {isa = PBXFileReference; fileEncoding = 4; lastKnownFileType = sourcecode.swift; path = IdleScene.swift; sourceTree = "<group>"; };
/* End PBXFileReference section */

/* Begin PBXFrameworksBuildPhase section */
		46056EB11A19624E00C37628 /* Frameworks */ = {
			isa = PBXFrameworksBuildPhase;
			buildActionMask = 2147483647;
			files = (
				3C772FF12CD7C28900F2E6FC /* ConfettiSwiftUI in Frameworks */,
				46596C801A38DE5900822FB7 /* SpriteKit.framework in Frameworks */,
				3CD1DF631A3069CC003DEA9F /* QuartzCore.framework in Frameworks */,
				46B0254B1A1BF04D0088294B /* IOKit.framework in Frameworks */,
				3C78068D2B2D2D18007D58AE /* SwiftyJSON in Frameworks */,
				3C78068A2B2D1F83007D58AE /* Starscream in Frameworks */,
			);
			runOnlyForDeploymentPostprocessing = 0;
		};
/* End PBXFrameworksBuildPhase section */

/* Begin PBXGroup section */
		3C366CC51FBC48FF006BA9B1 /* Particles */ = {
			isa = PBXGroup;
			children = (
				3C971C8E2396A50E000346A7 /* emojsplosion.sks */,
				468B090A1FD6005D0052047A /* Shower.sks */,
				461672421DF87C470049C8D1 /* BoggleSparks.sks */,
				461672491DF87DA30049C8D1 /* BoggleSparksBonus.sks */,
				4606F5E41BF926E200D2599B /* BuzzGlow.sks */,
				3C772FFA2CD8E06200F2E6FC /* StarGlow.sks */,
				4606F5E31BF926E200D2599B /* BuzzParticles.sks */,
				3C77C8A11DEF69E10088B36A /* location.sks */,
				461672381DF838150049C8D1 /* locationnumber.sks */,
				3C7F5E581DF454AA008075B8 /* locationstar.sks */,
				46498C821A3F366700CAFACC /* Snow.sks */,
				4634F74D21B6DBD600C9862F /* SnowBackground.sks */,
				3C772FF82CD7CD4000F2E6FC /* ScoresBackground.sks */,
				463FDE811A39039500FA9B3F /* Snowmoji.sks */,
				46596C821A38E04800822FB7 /* spark.png */,
				4656CA1A1A39100200A70F91 /* SparksDown.sks */,
				4654E6F21C0B71EF0048F5D9 /* SparksDownImage.sks */,
				46596C811A38E04800822FB7 /* SparksUp.sks */,
				3C5CC8B21C03E18F00308572 /* SparksUp2.sks */,
				46EBD4A91C0B67DE0004A110 /* SparksUpImage.sks */,
				46EE3976239EA694006298D1 /* SparksLeft.sks */,
				3C63A1412EC6516C0044C951 /* SparksPointless.sks */,
				3C378CFA1FBC89A800AD6168 /* TextSceneSparks.sks */,
				3CF41C1F1C04C7D100785564 /* TimerSpray.sks */,
				3C1FFA0F239E8E33000160B1 /* fireworks.sks */,
				3C0CCCC32EB794F3008862F8 /* teambuzzed.sks */,
				3C0CCCC12EB00F4C008862F8 /* lemming.sks */,
			);
			name = Particles;
			sourceTree = "<group>";
		};
		3C366CC61FBC5D29006BA9B1 /* SpriteKit Scenes */ = {
			isa = PBXGroup;
			children = (
				3C3012592EAE90AD00F80B71 /* Idle2Scene.swift */,
				3C63A13F2EC4E22A0044C951 /* PointlessScene.swift */,
				46A739381BFAB45300E03DE5 /* BuzzerScene.swift */,
				466B46D41DEC98E400428CDC /* GeographyScene.swift */,
				46F9A1271BFA8D88003E4023 /* IdleScene.swift */,
				46DF9D07239672FF00D019A3 /* MusicScene.swift */,
				3CF78EF923954DB9007FC394 /* NumbersScene.swift */,
				3C772FEB2CD79AA000F2E6FC /* Scores.swift */,
				46A7393A1BFAB46A00E03DE5 /* TestScene.swift */,
				3C366CBB1FB9F0A2006BA9B1 /* TextScene.swift */,
				3C872EAF1C03C3F000A2B397 /* TimerScene.swift */,
				3CC339F92B277C95000D8CCE /* TrueFalseScene.swift */,
			);
			name = "SpriteKit Scenes";
			sourceTree = "<group>";
		};
		46056EAB1A19624E00C37628 = {
			isa = PBXGroup;
			children = (
				46B0254C1A1BF0590088294B /* Frameworks */,
				46056EB61A19624E00C37628 /* Quiz Server */,
				46056EB51A19624E00C37628 /* Products */,
				46BBD3CF21B847980010319E /* Playgrounds */,
			);
			sourceTree = "<group>";
		};
		46056EB51A19624E00C37628 /* Products */ = {
			isa = PBXGroup;
			children = (
				46056EB41A19624E00C37628 /* Quiz Server.app */,
			);
			name = Products;
			sourceTree = "<group>";
		};
		46056EB61A19624E00C37628 /* Quiz Server */ = {
			isa = PBXGroup;
			children = (
				3C366CC61FBC5D29006BA9B1 /* SpriteKit Scenes */,
				46056EB91A19624E00C37628 /* AppDelegate.swift */,
				46A7393C1BFAB7AA00E03DE5 /* BuzzerTeamNode.swift */,
				46B025B81A1C0FE10088294B /* ControllerWindowController.swift */,
				3C2543232B123E7D008A3FDB /* LEDWebSocket.swift */,
				3C3012552EAD477100F80B71 /* OutlinedLabelNode.swift */,
				3CF749202EABE57800A38676 /* Settings.swift */,
				46A739341BFAAD9800E03DE5 /* SpriteKitViewController.swift */,
				46056ED51A1974A800C37628 /* StartupView.swift */,
				46B025B91A1C0FE10088294B /* ControllerWindow.xib */,
				46056EBD1A19624E00C37628 /* MainMenu.xib */,
				46A739351BFAAD9800E03DE5 /* SpriteKitViewController.xib */,
				3C77C8A21DEF69E10088B36A /* Assets.xcassets */,
				3C0CCCBF2EAEB21F008862F8 /* IdleScene.xcassets */,
				46056EBB1A19624E00C37628 /* Images.xcassets */,
				3C366CC51FBC48FF006BA9B1 /* Particles */,
				46056EB71A19624E00C37628 /* Supporting Files */,
			);
			path = "Quiz Server";
			sourceTree = "<group>";
		};
		46056EB71A19624E00C37628 /* Supporting Files */ = {
			isa = PBXGroup;
			children = (
				3C458A2A2EC73D1E00E069BA /* circle_illuminates.wav */,
				3C458A2B2EC73D1E00E069BA /* display_sweep.wav */,
				3C458A262EC73CBE00E069BA /* counter_nosting.wav */,
				3C458A272EC73CBE00E069BA /* counter_stops1_3.wav */,
				3C872EB51C03D53000A2B397 /* airhorn.mp3 */,
				3C872EB31C03D47A00A2B397 /* blop.mp3 */,
				3C8517E72B238A6900BBCABA /* minutetimer.mp3 */,
				3C8517E12B22439F00BBCABA /* quietbuzz1.mp3 */,
				3C8517E32B22439F00BBCABA /* quietbuzz2.mp3 */,
				3CF78EFC2396A11A007FC394 /* tada.mp3 */,
				3C872EB11C03D35100A2B397 /* tick.mp3 */,
				3C7730062CD928EB00F2E6FC /* topscore.mp3 */,
				4616724D1DF8891D0049C8D1 /* NeutraDisp Titling.otf */,
				466894E7239E99A1009CB9CC /* SnowtopCaps.otf */,
				46056EB81A19624E00C37628 /* Info.plist */,
				46BBC4461DF0725600C41112 /* EHSMB.TTF */,
				3C934626237DAEED009DBD0C /* altBuzz1.wav */,
				3C934628237DB637009DBD0C /* altBuzz2.wav */,
				3C93462A237DB6B0009DBD0C /* altBuzz3.wav */,
				3C93462C237DBF88009DBD0C /* altBuzz4.wav */,
				3C708BF61A379EE1007E24F5 /* buzzer.wav */,
				3CD1DF551A306820003DEA9F /* counter_score.wav */,
				3CD1DF561A306820003DEA9F /* counter_soft_end.wav */,
				3CD1DF571A306820003DEA9F /* counter_score2.wav */,
				3CD1DF541A306820003DEA9F /* counter_wrong.wav */,
				3CC862822B138BDC0060A7E0 /* drums.wav */,
				465FDFE71A372E5E00734431 /* eight.wav */,
				3CB99F882CFCB57B00B704E2 /* orch1.wav */,
				3CB99F892CFCB57B00B704E2 /* orch2.wav */,
				3CB99F8A2CFCB57B00B704E2 /* orch3.wav */,
				3CB99F8B2CFCB57B00B704E2 /* orch4.wav */,
				3CB99F8C2CFCB57B00B704E2 /* orch5.wav */,
				3CB99F8D2CFCB57B00B704E2 /* orch6.wav */,
				3CB99F8E2CFCB57B00B704E2 /* orch7.wav */,
				3CB99F8F2CFCB57B00B704E2 /* orch8.wav */,
				3CB99F902CFCB57B00B704E2 /* orch9.wav */,
				3CB99F912CFCB57B00B704E2 /* orch10.wav */,
				3CB99F922CFCB57B00B704E2 /* orch11.wav */,
				3CB99F932CFCB57B00B704E2 /* orch12.wav */,
				3CB99F942CFCB57B00B704E2 /* orch13.wav */,
				3CB99F952CFCB57B00B704E2 /* orch14.wav */,
				3C772FFC2CD928EB00F2E6FC /* score1.wav */,
				3C772FFD2CD928EB00F2E6FC /* score2.wav */,
				3C772FFE2CD928EB00F2E6FC /* score3.wav */,
				3C772FFF2CD928EB00F2E6FC /* score4.wav */,
				3C7730002CD928EB00F2E6FC /* score5.wav */,
				3C7730012CD928EB00F2E6FC /* score6.wav */,
				3C7730022CD928EB00F2E6FC /* score7.wav */,
				3C7730032CD928EB00F2E6FC /* score8.wav */,
				3C7730042CD928EB00F2E6FC /* score9.wav */,
				3C7730052CD928EB00F2E6FC /* score10.wav */,
				463EA5DA2396D6CC00118892 /* scratch1.wav */,
				463EA5D82396D6CC00118892 /* scratch2.wav */,
				463EA5DB2396D6CC00118892 /* scratch3.wav */,
				3C5E2A4C1A37D0F9000D6447 /* timer.wav */,
				3C5E2A4D1A37D0F9000D6447 /* timerend.wav */,
			);
			name = "Supporting Files";
			sourceTree = "<group>";
		};
		46B0254C1A1BF0590088294B /* Frameworks */ = {
			isa = PBXGroup;
			children = (
				46596C7F1A38DE5900822FB7 /* SpriteKit.framework */,
				3CD1DF621A3069CC003DEA9F /* QuartzCore.framework */,
				46B0254A1A1BF04D0088294B /* IOKit.framework */,
			);
			name = Frameworks;
			sourceTree = "<group>";
		};
		46BBD3CF21B847980010319E /* Playgrounds */ = {
			isa = PBXGroup;
			children = (
				46EE3979239EA6D8006298D1 /* Anniversary.playground */,
				46BBD3D021B847980010319E /* Clock.playground */,
			);
			path = Playgrounds;
			sourceTree = "<group>";
		};
/* End PBXGroup section */

/* Begin PBXNativeTarget section */
		46056EB31A19624E00C37628 /* Quiz Server */ = {
			isa = PBXNativeTarget;
			buildConfigurationList = 46056ECE1A19624E00C37628 /* Build configuration list for PBXNativeTarget "Quiz Server" */;
			buildPhases = (
				46056EB01A19624E00C37628 /* Sources */,
				46056EB11A19624E00C37628 /* Frameworks */,
				46056EB21A19624E00C37628 /* Resources */,
				46B025701A1BF4ED0088294B /* Embed Frameworks */,
				46BBC4531DF0765B00C41112 /* CopyFiles */,
			);
			buildRules = (
			);
			dependencies = (
			);
			name = "Quiz Server";
			packageProductDependencies = (
				3C7806892B2D1F83007D58AE /* Starscream */,
				3C78068C2B2D2D18007D58AE /* SwiftyJSON */,
				3C772FF02CD7C28900F2E6FC /* ConfettiSwiftUI */,
			);
			productName = QuizServer;
			productReference = 46056EB41A19624E00C37628 /* Quiz Server.app */;
			productType = "com.apple.product-type.application";
		};
/* End PBXNativeTarget section */

/* Begin PBXProject section */
		46056EAC1A19624E00C37628 /* Project object */ = {
			isa = PBXProject;
			attributes = {
				BuildIndependentTargetsInParallel = YES;
				LastSwiftMigration = 0710;
				LastSwiftUpdateCheck = 0710;
				LastUpgradeCheck = 1500;
				ORGANIZATIONNAME = "Russell Joyce & Ian Gray";
				TargetAttributes = {
					46056EB31A19624E00C37628 = {
						CreatedOnToolsVersion = 6.1;
						LastSwiftMigration = 1120;
					};
				};
			};
			buildConfigurationList = 46056EAF1A19624E00C37628 /* Build configuration list for PBXProject "Quiz Server" */;
			compatibilityVersion = "Xcode 15.0";
			developmentRegion = en;
			hasScannedForEncodings = 0;
			knownRegions = (
				en,
				Base,
			);
			mainGroup = 46056EAB1A19624E00C37628;
			packageReferences = (
				3C7806882B2D1F83007D58AE /* XCRemoteSwiftPackageReference "Starscream" */,
				3C78068B2B2D2D18007D58AE /* XCRemoteSwiftPackageReference "SwiftyJSON" */,
				3C772FEF2CD7C28900F2E6FC /* XCRemoteSwiftPackageReference "ConfettiSwiftUI" */,
			);
			productRefGroup = 46056EB51A19624E00C37628 /* Products */;
			projectDirPath = "";
			projectRoot = "";
			targets = (
				46056EB31A19624E00C37628 /* Quiz Server */,
			);
		};
/* End PBXProject section */

/* Begin PBXResourcesBuildPhase section */
		46056EB21A19624E00C37628 /* Resources */ = {
			isa = PBXResourcesBuildPhase;
			buildActionMask = 2147483647;
			files = (
				465FDFE81A372E5E00734431 /* eight.wav in Resources */,
				4654E6F31C0B71EF0048F5D9 /* SparksDownImage.sks in Resources */,
				3C872EB21C03D35100A2B397 /* tick.mp3 in Resources */,
				46498C831A3F366700CAFACC /* Snow.sks in Resources */,
				3C872EB41C03D47A00A2B397 /* blop.mp3 in Resources */,
				463EA5DC2396D6CC00118892 /* scratch2.wav in Resources */,
				3C77C8A31DEF69E10088B36A /* location.sks in Resources */,
				3C7F5E591DF454AA008075B8 /* locationstar.sks in Resources */,
				3C458A2C2EC73D1E00E069BA /* display_sweep.wav in Resources */,
				3C458A2D2EC73D1E00E069BA /* circle_illuminates.wav in Resources */,
				3C5E2A4E1A37D0F9000D6447 /* timer.wav in Resources */,
				46B025BB1A1C0FE10088294B /* ControllerWindow.xib in Resources */,
				46EE3977239EA694006298D1 /* SparksLeft.sks in Resources */,
				3CF78EFD2396A11A007FC394 /* tada.mp3 in Resources */,
				3C0CCCC42EB794F3008862F8 /* teambuzzed.sks in Resources */,
				3CB99F962CFCB57B00B704E2 /* orch8.wav in Resources */,
				3CB99F972CFCB57B00B704E2 /* orch6.wav in Resources */,
				3CB99F982CFCB57B00B704E2 /* orch3.wav in Resources */,
				3CB99F992CFCB57B00B704E2 /* orch1.wav in Resources */,
				3C0CCCC02EAEB21F008862F8 /* IdleScene.xcassets in Resources */,
				3CB99F9A2CFCB57B00B704E2 /* orch14.wav in Resources */,
				3CB99F9B2CFCB57B00B704E2 /* orch2.wav in Resources */,
				3CB99F9C2CFCB57B00B704E2 /* orch9.wav in Resources */,
				3C458A282EC73CBE00E069BA /* counter_nosting.wav in Resources */,
				3C458A292EC73CBE00E069BA /* counter_stops1_3.wav in Resources */,
				3CB99F9D2CFCB57B00B704E2 /* orch13.wav in Resources */,
				3CB99F9E2CFCB57B00B704E2 /* orch11.wav in Resources */,
				3CB99F9F2CFCB57B00B704E2 /* orch7.wav in Resources */,
				3CB99FA02CFCB57B00B704E2 /* orch10.wav in Resources */,
				3CB99FA12CFCB57B00B704E2 /* orch4.wav in Resources */,
				3CB99FA22CFCB57B00B704E2 /* orch5.wav in Resources */,
				3CB99FA32CFCB57B00B704E2 /* orch12.wav in Resources */,
				3C5CC8B31C03E18F00308572 /* SparksUp2.sks in Resources */,
				4616724A1DF87DA30049C8D1 /* BoggleSparksBonus.sks in Resources */,
				46A739371BFAAD9800E03DE5 /* SpriteKitViewController.xib in Resources */,
				3C8517E42B2243A000BBCABA /* quietbuzz1.mp3 in Resources */,
				3C971C902396A50E000346A7 /* emojsplosion.sks in Resources */,
				3C772FFB2CD8E06200F2E6FC /* StarGlow.sks in Resources */,
				46596C831A38E04800822FB7 /* SparksUp.sks in Resources */,
				463EA5DE2396D6CC00118892 /* scratch1.wav in Resources */,
				3CD1DF591A306820003DEA9F /* counter_score.wav in Resources */,
				4634F74F21B6DBD600C9862F /* SnowBackground.sks in Resources */,
				3C872EB61C03D53000A2B397 /* airhorn.mp3 in Resources */,
				3C5E2A4F1A37D0F9000D6447 /* timerend.wav in Resources */,
				3C63A1422EC6516C0044C951 /* SparksPointless.sks in Resources */,
				3C93462B237DB6B0009DBD0C /* altBuzz3.wav in Resources */,
				463FDE821A39039500FA9B3F /* Snowmoji.sks in Resources */,
				46596C841A38E04800822FB7 /* spark.png in Resources */,
				3C934629237DB637009DBD0C /* altBuzz2.wav in Resources */,
				3C772FF92CD7CD4000F2E6FC /* ScoresBackground.sks in Resources */,
				46EBD4AA1C0B67DE0004A110 /* SparksUpImage.sks in Resources */,
				3C8517E52B2243A000BBCABA /* quietbuzz2.mp3 in Resources */,
				3CC862842B138BDC0060A7E0 /* drums.wav in Resources */,
				3CD1DF581A306820003DEA9F /* counter_wrong.wav in Resources */,
				4606F5E61BF926E200D2599B /* BuzzGlow.sks in Resources */,
				4606F5E51BF926E200D2599B /* BuzzParticles.sks in Resources */,
				3C7730072CD928EB00F2E6FC /* score6.wav in Resources */,
				3C7730082CD928EB00F2E6FC /* score8.wav in Resources */,
				3C7730092CD928EB00F2E6FC /* score5.wav in Resources */,
				3C77300A2CD928EB00F2E6FC /* score7.wav in Resources */,
				3C77300B2CD928EB00F2E6FC /* score9.wav in Resources */,
				3C77300C2CD928EB00F2E6FC /* score4.wav in Resources */,
				3C77300D2CD928EB00F2E6FC /* topscore.mp3 in Resources */,
				3C77300E2CD928EB00F2E6FC /* score1.wav in Resources */,
				3C77300F2CD928EB00F2E6FC /* score10.wav in Resources */,
				3C7730102CD928EB00F2E6FC /* score3.wav in Resources */,
				3C7730112CD928EB00F2E6FC /* score2.wav in Resources */,
				3CD1DF5A1A306820003DEA9F /* counter_soft_end.wav in Resources */,
				3C708BF71A379EE1007E24F5 /* buzzer.wav in Resources */,
				4656CA1B1A39100200A70F91 /* SparksDown.sks in Resources */,
				3C8517E92B238A6900BBCABA /* minutetimer.mp3 in Resources */,
				3C1FFA10239E8E33000160B1 /* fireworks.sks in Resources */,
				3C0CCCC22EB00F4C008862F8 /* lemming.sks in Resources */,
				3CD1DF5B1A306820003DEA9F /* counter_score2.wav in Resources */,
				46056EBC1A19624E00C37628 /* Images.xcassets in Resources */,
				461672431DF87C470049C8D1 /* BoggleSparks.sks in Resources */,
				3C93462D237DBF88009DBD0C /* altBuzz4.wav in Resources */,
				3C934627237DAEED009DBD0C /* altBuzz1.wav in Resources */,
				46056EBF1A19624E00C37628 /* MainMenu.xib in Resources */,
				463EA5DF2396D6CC00118892 /* scratch3.wav in Resources */,
				461672391DF838150049C8D1 /* locationnumber.sks in Resources */,
				3C378CFC1FBC89A900AD6168 /* TextSceneSparks.sks in Resources */,
				468B090B1FD6005D0052047A /* Shower.sks in Resources */,
				3C77C8A41DEF69E10088B36A /* Assets.xcassets in Resources */,
				3CF41C211C04C7D100785564 /* TimerSpray.sks in Resources */,
			);
			runOnlyForDeploymentPostprocessing = 0;
		};
/* End PBXResourcesBuildPhase section */

/* Begin PBXSourcesBuildPhase section */
		46056EB01A19624E00C37628 /* Sources */ = {
			isa = PBXSourcesBuildPhase;
			buildActionMask = 2147483647;
			files = (
				466B46D51DEC98E400428CDC /* GeographyScene.swift in Sources */,
				46056ED61A1974A800C37628 /* StartupView.swift in Sources */,
				3C2543242B123E7D008A3FDB /* LEDWebSocket.swift in Sources */,
				3C3012562EAD48FF00F80B71 /* OutlinedLabelNode.swift in Sources */,
				46A739391BFAB45300E03DE5 /* BuzzerScene.swift in Sources */,
				3C366CBC1FB9F0A2006BA9B1 /* TextScene.swift in Sources */,
				46DF9D08239672FF00D019A3 /* MusicScene.swift in Sources */,
				46A7393D1BFAB7AA00E03DE5 /* BuzzerTeamNode.swift in Sources */,
				46B025BA1A1C0FE10088294B /* ControllerWindowController.swift in Sources */,
				46F9A1281BFA8D88003E4023 /* IdleScene.swift in Sources */,
				3C30125A2EAE90B400F80B71 /* Idle2Scene.swift in Sources */,
				3C772FEC2CD79AA300F2E6FC /* Scores.swift in Sources */,
				3CF78EFA23954DB9007FC394 /* NumbersScene.swift in Sources */,
				3CC339FA2B277C95000D8CCE /* TrueFalseScene.swift in Sources */,
				46056EBA1A19624E00C37628 /* AppDelegate.swift in Sources */,
				3C872EB01C03C3F000A2B397 /* TimerScene.swift in Sources */,
				46A739361BFAAD9800E03DE5 /* SpriteKitViewController.swift in Sources */,
				46A7393B1BFAB46A00E03DE5 /* TestScene.swift in Sources */,
				3C63A1402EC4E2300044C951 /* PointlessScene.swift in Sources */,
				3CF749212EABE57F00A38676 /* Settings.swift in Sources */,
			);
			runOnlyForDeploymentPostprocessing = 0;
		};
/* End PBXSourcesBuildPhase section */

/* Begin PBXVariantGroup section */
		46056EBD1A19624E00C37628 /* MainMenu.xib */ = {
			isa = PBXVariantGroup;
			children = (
				46056EBE1A19624E00C37628 /* Base */,
			);
			name = MainMenu.xib;
			sourceTree = "<group>";
		};
/* End PBXVariantGroup section */

/* Begin XCBuildConfiguration section */
		46056ECC1A19624E00C37628 /* Debug */ = {
			isa = XCBuildConfiguration;
			buildSettings = {
				ALWAYS_SEARCH_USER_PATHS = NO;
				CLANG_ANALYZER_LOCALIZABILITY_NONLOCALIZED = YES;
				CLANG_CXX_LANGUAGE_STANDARD = "gnu++0x";
				CLANG_CXX_LIBRARY = "libc++";
				CLANG_ENABLE_MODULES = YES;
				CLANG_ENABLE_OBJC_ARC = YES;
				CLANG_WARN_BLOCK_CAPTURE_AUTORELEASING = YES;
				CLANG_WARN_BOOL_CONVERSION = YES;
				CLANG_WARN_COMMA = YES;
				CLANG_WARN_CONSTANT_CONVERSION = YES;
				CLANG_WARN_DEPRECATED_OBJC_IMPLEMENTATIONS = YES;
				CLANG_WARN_DIRECT_OBJC_ISA_USAGE = YES_ERROR;
				CLANG_WARN_EMPTY_BODY = YES;
				CLANG_WARN_ENUM_CONVERSION = YES;
				CLANG_WARN_INFINITE_RECURSION = YES;
				CLANG_WARN_INT_CONVERSION = YES;
				CLANG_WARN_NON_LITERAL_NULL_CONVERSION = YES;
				CLANG_WARN_OBJC_IMPLICIT_RETAIN_SELF = YES;
				CLANG_WARN_OBJC_LITERAL_CONVERSION = YES;
				CLANG_WARN_OBJC_ROOT_CLASS = YES_ERROR;
				CLANG_WARN_QUOTED_INCLUDE_IN_FRAMEWORK_HEADER = YES;
				CLANG_WARN_RANGE_LOOP_ANALYSIS = YES;
				CLANG_WARN_STRICT_PROTOTYPES = YES;
				CLANG_WARN_SUSPICIOUS_MOVE = YES;
				CLANG_WARN_UNREACHABLE_CODE = YES;
				CLANG_WARN__DUPLICATE_METHOD_MATCH = YES;
				CODE_SIGN_IDENTITY = "Apple Development";
				COPY_PHASE_STRIP = NO;
				DEAD_CODE_STRIPPING = YES;
				ENABLE_STRICT_OBJC_MSGSEND = YES;
				ENABLE_TESTABILITY = YES;
				ENABLE_USER_SCRIPT_SANDBOXING = YES;
				GCC_C_LANGUAGE_STANDARD = gnu99;
				GCC_DYNAMIC_NO_PIC = NO;
				GCC_NO_COMMON_BLOCKS = YES;
				GCC_OPTIMIZATION_LEVEL = 0;
				GCC_PREPROCESSOR_DEFINITIONS = (
					"DEBUG=1",
					"$(inherited)",
				);
				GCC_SYMBOLS_PRIVATE_EXTERN = NO;
				GCC_WARN_64_TO_32_BIT_CONVERSION = YES;
				GCC_WARN_ABOUT_RETURN_TYPE = YES_ERROR;
				GCC_WARN_UNDECLARED_SELECTOR = YES;
				GCC_WARN_UNINITIALIZED_AUTOS = YES_AGGRESSIVE;
				GCC_WARN_UNUSED_FUNCTION = YES;
				GCC_WARN_UNUSED_VARIABLE = YES;
				MACOSX_DEPLOYMENT_TARGET = 14.0;
				MTL_ENABLE_DEBUG_INFO = YES;
				ONLY_ACTIVE_ARCH = YES;
				SDKROOT = macosx;
				SWIFT_OPTIMIZATION_LEVEL = "-Onone";
			};
			name = Debug;
		};
		46056ECD1A19624E00C37628 /* Release */ = {
			isa = XCBuildConfiguration;
			buildSettings = {
				ALWAYS_SEARCH_USER_PATHS = NO;
				CLANG_ANALYZER_LOCALIZABILITY_NONLOCALIZED = YES;
				CLANG_CXX_LANGUAGE_STANDARD = "gnu++0x";
				CLANG_CXX_LIBRARY = "libc++";
				CLANG_ENABLE_MODULES = YES;
				CLANG_ENABLE_OBJC_ARC = YES;
				CLANG_WARN_BLOCK_CAPTURE_AUTORELEASING = YES;
				CLANG_WARN_BOOL_CONVERSION = YES;
				CLANG_WARN_COMMA = YES;
				CLANG_WARN_CONSTANT_CONVERSION = YES;
				CLANG_WARN_DEPRECATED_OBJC_IMPLEMENTATIONS = YES;
				CLANG_WARN_DIRECT_OBJC_ISA_USAGE = YES_ERROR;
				CLANG_WARN_EMPTY_BODY = YES;
				CLANG_WARN_ENUM_CONVERSION = YES;
				CLANG_WARN_INFINITE_RECURSION = YES;
				CLANG_WARN_INT_CONVERSION = YES;
				CLANG_WARN_NON_LITERAL_NULL_CONVERSION = YES;
				CLANG_WARN_OBJC_IMPLICIT_RETAIN_SELF = YES;
				CLANG_WARN_OBJC_LITERAL_CONVERSION = YES;
				CLANG_WARN_OBJC_ROOT_CLASS = YES_ERROR;
				CLANG_WARN_QUOTED_INCLUDE_IN_FRAMEWORK_HEADER = YES;
				CLANG_WARN_RANGE_LOOP_ANALYSIS = YES;
				CLANG_WARN_STRICT_PROTOTYPES = YES;
				CLANG_WARN_SUSPICIOUS_MOVE = YES;
				CLANG_WARN_UNREACHABLE_CODE = YES;
				CLANG_WARN__DUPLICATE_METHOD_MATCH = YES;
				CODE_SIGN_IDENTITY = "Apple Development";
				COPY_PHASE_STRIP = YES;
				DEAD_CODE_STRIPPING = YES;
				DEBUG_INFORMATION_FORMAT = "dwarf-with-dsym";
				ENABLE_NS_ASSERTIONS = NO;
				ENABLE_STRICT_OBJC_MSGSEND = YES;
				ENABLE_USER_SCRIPT_SANDBOXING = YES;
				GCC_C_LANGUAGE_STANDARD = gnu99;
				GCC_NO_COMMON_BLOCKS = YES;
				GCC_WARN_64_TO_32_BIT_CONVERSION = YES;
				GCC_WARN_ABOUT_RETURN_TYPE = YES_ERROR;
				GCC_WARN_UNDECLARED_SELECTOR = YES;
				GCC_WARN_UNINITIALIZED_AUTOS = YES_AGGRESSIVE;
				GCC_WARN_UNUSED_FUNCTION = YES;
				GCC_WARN_UNUSED_VARIABLE = YES;
				MACOSX_DEPLOYMENT_TARGET = 14.0;
				MTL_ENABLE_DEBUG_INFO = NO;
				SDKROOT = macosx;
				SWIFT_COMPILATION_MODE = wholemodule;
				SWIFT_OPTIMIZATION_LEVEL = "-O";
			};
			name = Release;
		};
		46056ECF1A19624E00C37628 /* Debug */ = {
			isa = XCBuildConfiguration;
			buildSettings = {
				ALWAYS_EMBED_SWIFT_STANDARD_LIBRARIES = YES;
				ASSETCATALOG_COMPILER_APPICON_NAME = AppIcon;
				CLANG_ENABLE_MODULES = YES;
				CLANG_USE_OPTIMIZATION_PROFILE = NO;
				CODE_SIGN_IDENTITY = "-";
				COMBINE_HIDPI_IMAGES = YES;
				CURRENT_PROJECT_VERSION = 2023.1;
				DEAD_CODE_STRIPPING = YES;
				FRAMEWORK_SEARCH_PATHS = (
					"$(inherited)",
					"$(PROJECT_DIR)",
				);
				INFOPLIST_FILE = "$(SRCROOT)/Quiz Server/Info.plist";
				INFOPLIST_KEY_LSApplicationCategoryType = "public.app-category.trivia-games";
				LD_RUNPATH_SEARCH_PATHS = (
					"$(inherited)",
					"@executable_path/../Frameworks",
				);
				MARKETING_VERSION = 2023.1;
				PRODUCT_BUNDLE_IDENTIFIER = "rj.$(PRODUCT_NAME:rfc1034identifier)";
				PRODUCT_NAME = "Quiz Server";
				SWIFT_OPTIMIZATION_LEVEL = "-Onone";
				SWIFT_PRECOMPILE_BRIDGING_HEADER = NO;
				SWIFT_VERSION = 5.0;
			};
			name = Debug;
		};
		46056ED01A19624E00C37628 /* Release */ = {
			isa = XCBuildConfiguration;
			buildSettings = {
				ALWAYS_EMBED_SWIFT_STANDARD_LIBRARIES = YES;
				ASSETCATALOG_COMPILER_APPICON_NAME = AppIcon;
				CLANG_ENABLE_MODULES = YES;
				CLANG_USE_OPTIMIZATION_PROFILE = NO;
				CODE_SIGN_IDENTITY = "-";
				COMBINE_HIDPI_IMAGES = YES;
				CURRENT_PROJECT_VERSION = 2023.1;
				DEAD_CODE_STRIPPING = YES;
				FRAMEWORK_SEARCH_PATHS = (
					"$(inherited)",
					"$(PROJECT_DIR)",
				);
				INFOPLIST_FILE = "$(SRCROOT)/Quiz Server/Info.plist";
				INFOPLIST_KEY_LSApplicationCategoryType = "public.app-category.trivia-games";
				LD_RUNPATH_SEARCH_PATHS = (
					"$(inherited)",
					"@executable_path/../Frameworks",
				);
				MARKETING_VERSION = 2023.1;
				PRODUCT_BUNDLE_IDENTIFIER = "rj.$(PRODUCT_NAME:rfc1034identifier)";
				PRODUCT_NAME = "Quiz Server";
				SWIFT_PRECOMPILE_BRIDGING_HEADER = NO;
				SWIFT_VERSION = 5.0;
			};
			name = Release;
		};
/* End XCBuildConfiguration section */

/* Begin XCConfigurationList section */
		46056EAF1A19624E00C37628 /* Build configuration list for PBXProject "Quiz Server" */ = {
			isa = XCConfigurationList;
			buildConfigurations = (
				46056ECC1A19624E00C37628 /* Debug */,
				46056ECD1A19624E00C37628 /* Release */,
			);
			defaultConfigurationIsVisible = 0;
			defaultConfigurationName = Release;
		};
		46056ECE1A19624E00C37628 /* Build configuration list for PBXNativeTarget "Quiz Server" */ = {
			isa = XCConfigurationList;
			buildConfigurations = (
				46056ECF1A19624E00C37628 /* Debug */,
				46056ED01A19624E00C37628 /* Release */,
			);
			defaultConfigurationIsVisible = 0;
			defaultConfigurationName = Release;
		};
/* End XCConfigurationList section */

/* Begin XCRemoteSwiftPackageReference section */
		3C772FEF2CD7C28900F2E6FC /* XCRemoteSwiftPackageReference "ConfettiSwiftUI" */ = {
			isa = XCRemoteSwiftPackageReference;
			repositoryURL = "https://github.com/simibac/ConfettiSwiftUI.git";
			requirement = {
				kind = upToNextMajorVersion;
				minimumVersion = 1.1.0;
			};
		};
		3C7806882B2D1F83007D58AE /* XCRemoteSwiftPackageReference "Starscream" */ = {
			isa = XCRemoteSwiftPackageReference;
			repositoryURL = "https://github.com/daltoniam/Starscream.git";
			requirement = {
				kind = upToNextMajorVersion;
				minimumVersion = 4.0.6;
			};
		};
		3C78068B2B2D2D18007D58AE /* XCRemoteSwiftPackageReference "SwiftyJSON" */ = {
			isa = XCRemoteSwiftPackageReference;
			repositoryURL = "https://github.com/SwiftyJSON/SwiftyJSON.git";
			requirement = {
				kind = upToNextMajorVersion;
				minimumVersion = 5.0.1;
			};
		};
/* End XCRemoteSwiftPackageReference section */

/* Begin XCSwiftPackageProductDependency section */
		3C772FF02CD7C28900F2E6FC /* ConfettiSwiftUI */ = {
			isa = XCSwiftPackageProductDependency;
			package = 3C772FEF2CD7C28900F2E6FC /* XCRemoteSwiftPackageReference "ConfettiSwiftUI" */;
			productName = ConfettiSwiftUI;
		};
		3C7806892B2D1F83007D58AE /* Starscream */ = {
			isa = XCSwiftPackageProductDependency;
			package = 3C7806882B2D1F83007D58AE /* XCRemoteSwiftPackageReference "Starscream" */;
			productName = Starscream;
		};
		3C78068C2B2D2D18007D58AE /* SwiftyJSON */ = {
			isa = XCSwiftPackageProductDependency;
			package = 3C78068B2B2D2D18007D58AE /* XCRemoteSwiftPackageReference "SwiftyJSON" */;
			productName = SwiftyJSON;
		};
/* End XCSwiftPackageProductDependency section */
	};
	rootObject = 46056EAC1A19624E00C37628 /* Project object */;
}
