// !$*UTF8*$!
{
	archiveVersion = 1;
	classes = {
	};
	objectVersion = 46;
	objects = {

/* Begin PBXBuildFile section */
		46056EBA1A19624E00C37628 /* AppDelegate.swift in Sources */ = {isa = PBXBuildFile; fileRef = 46056EB91A19624E00C37628 /* AppDelegate.swift */; };
		46056EBC1A19624E00C37628 /* Images.xcassets in Resources */ = {isa = PBXBuildFile; fileRef = 46056EBB1A19624E00C37628 /* Images.xcassets */; };
		46056EBF1A19624E00C37628 /* MainMenu.xib in Resources */ = {isa = PBXBuildFile; fileRef = 46056EBD1A19624E00C37628 /* MainMenu.xib */; };
		46056ED61A1974A800C37628 /* StartupView.swift in Sources */ = {isa = PBXBuildFile; fileRef = 46056ED51A1974A800C37628 /* StartupView.swift */; };
/* End PBXBuildFile section */

/* Begin PBXFileReference section */
		46056EB41A19624E00C37628 /* Quiz Server.app */ = {isa = PBXFileReference; explicitFileType = wrapper.application; includeInIndex = 0; path = "Quiz Server.app"; sourceTree = BUILT_PRODUCTS_DIR; };
		46056EB81A19624E00C37628 /* Info.plist */ = {isa = PBXFileReference; lastKnownFileType = text.plist.xml; path = Info.plist; sourceTree = "<group>"; };
		46056EB91A19624E00C37628 /* AppDelegate.swift */ = {isa = PBXFileReference; lastKnownFileType = sourcecode.swift; path = AppDelegate.swift; sourceTree = "<group>"; };
		46056EBB1A19624E00C37628 /* Images.xcassets */ = {isa = PBXFileReference; lastKnownFileType = folder.assetcatalog; path = Images.xcassets; sourceTree = "<group>"; };
		46056EBE1A19624E00C37628 /* Base */ = {isa = PBXFileReference; lastKnownFileType = file.xib; name = Base; path = Base.lproj/MainMenu.xib; sourceTree = "<group>"; };
		46056ED41A196EF100C37628 /* TestPlayground.playground */ = {isa = PBXFileReference; lastKnownFileType = file.playground; path = TestPlayground.playground; sourceTree = "<group>"; };
		46056ED51A1974A800C37628 /* StartupView.swift */ = {isa = PBXFileReference; fileEncoding = 4; lastKnownFileType = sourcecode.swift; path = StartupView.swift; sourceTree = "<group>"; };
/* End PBXFileReference section */

/* Begin PBXFrameworksBuildPhase section */
		46056EB11A19624E00C37628 /* Frameworks */ = {
			isa = PBXFrameworksBuildPhase;
			buildActionMask = 2147483647;
			files = (
			);
			runOnlyForDeploymentPostprocessing = 0;
		};
/* End PBXFrameworksBuildPhase section */

/* Begin PBXGroup section */
		46056EAB1A19624E00C37628 = {
			isa = PBXGroup;
			children = (
				46056ED41A196EF100C37628 /* TestPlayground.playground */,
				46056EB61A19624E00C37628 /* Quiz Server */,
				46056EB51A19624E00C37628 /* Products */,
			);
			sourceTree = "<group>";
		};
		46056EB51A19624E00C37628 /* Products */ = {
			isa = PBXGroup;
			children = (
				46056EB41A19624E00C37628 /* Quiz Server.app */,
			);
			name = Products;
			sourceTree = "<group>";
		};
		46056EB61A19624E00C37628 /* Quiz Server */ = {
			isa = PBXGroup;
			children = (
				46056EB91A19624E00C37628 /* AppDelegate.swift */,
				46056EBB1A19624E00C37628 /* Images.xcassets */,
				46056EBD1A19624E00C37628 /* MainMenu.xib */,
				46056EB71A19624E00C37628 /* Supporting Files */,
				46056ED51A1974A800C37628 /* StartupView.swift */,
			);
			path = "Quiz Server";
			sourceTree = "<group>";
		};
		46056EB71A19624E00C37628 /* Supporting Files */ = {
			isa = PBXGroup;
			children = (
				46056EB81A19624E00C37628 /* Info.plist */,
			);
			name = "Supporting Files";
			sourceTree = "<group>";
		};
/* End PBXGroup section */

/* Begin PBXNativeTarget section */
		46056EB31A19624E00C37628 /* Quiz Server */ = {
			isa = PBXNativeTarget;
			buildConfigurationList = 46056ECE1A19624E00C37628 /* Build configuration list for PBXNativeTarget "Quiz Server" */;
			buildPhases = (
				46056EB01A19624E00C37628 /* Sources */,
				46056EB11A19624E00C37628 /* Frameworks */,
				46056EB21A19624E00C37628 /* Resources */,
			);
			buildRules = (
			);
			dependencies = (
			);
			name = "Quiz Server";
			productName = QuizServer;
			productReference = 46056EB41A19624E00C37628 /* Quiz Server.app */;
			productType = "com.apple.product-type.application";
		};
/* End PBXNativeTarget section */

/* Begin PBXProject section */
		46056EAC1A19624E00C37628 /* Project object */ = {
			isa = PBXProject;
			attributes = {
				LastUpgradeCheck = 0610;
				ORGANIZATIONNAME = "Russell Joyce";
				TargetAttributes = {
					46056EB31A19624E00C37628 = {
						CreatedOnToolsVersion = 6.1;
						DevelopmentTeam = Q4TSSPGS9X;
					};
				};
			};
			buildConfigurationList = 46056EAF1A19624E00C37628 /* Build configuration list for PBXProject "Quiz Server" */;
			compatibilityVersion = "Xcode 3.2";
			developmentRegion = English;
			hasScannedForEncodings = 0;
			knownRegions = (
				en,
				Base,
			);
			mainGroup = 46056EAB1A19624E00C37628;
			productRefGroup = 46056EB51A19624E00C37628 /* Products */;
			projectDirPath = "";
			projectRoot = "";
			targets = (
				46056EB31A19624E00C37628 /* Quiz Server */,
			);
		};
/* End PBXProject section */

/* Begin PBXResourcesBuildPhase section */
		46056EB21A19624E00C37628 /* Resources */ = {
			isa = PBXResourcesBuildPhase;
			buildActionMask = 2147483647;
			files = (
				46056EBC1A19624E00C37628 /* Images.xcassets in Resources */,
				46056EBF1A19624E00C37628 /* MainMenu.xib in Resources */,
			);
			runOnlyForDeploymentPostprocessing = 0;
		};
/* End PBXResourcesBuildPhase section */

/* Begin PBXSourcesBuildPhase section */
		46056EB01A19624E00C37628 /* Sources */ = {
			isa = PBXSourcesBuildPhase;
			buildActionMask = 2147483647;
			files = (
				46056ED61A1974A800C37628 /* StartupView.swift in Sources */,
				46056EBA1A19624E00C37628 /* AppDelegate.swift in Sources */,
			);
			runOnlyForDeploymentPostprocessing = 0;
		};
/* End PBXSourcesBuildPhase section */

/* Begin PBXVariantGroup section */
		46056EBD1A19624E00C37628 /* MainMenu.xib */ = {
			isa = PBXVariantGroup;
			children = (
				46056EBE1A19624E00C37628 /* Base */,
			);
			name = MainMenu.xib;
			sourceTree = "<group>";
		};
/* End PBXVariantGroup section */

/* Begin XCBuildConfiguration section */
		46056ECC1A19624E00C37628 /* Debug */ = {
			isa = XCBuildConfiguration;
			buildSettings = {
				ALWAYS_SEARCH_USER_PATHS = NO;
				CLANG_CXX_LANGUAGE_STANDARD = "gnu++0x";
				CLANG_CXX_LIBRARY = "libc++";
				CLANG_ENABLE_MODULES = YES;
				CLANG_ENABLE_OBJC_ARC = YES;
				CLANG_WARN_BOOL_CONVERSION = YES;
				CLANG_WARN_CONSTANT_CONVERSION = YES;
				CLANG_WARN_DIRECT_OBJC_ISA_USAGE = YES_ERROR;
				CLANG_WARN_EMPTY_BODY = YES;
				CLANG_WARN_ENUM_CONVERSION = YES;
				CLANG_WARN_INT_CONVERSION = YES;
				CLANG_WARN_OBJC_ROOT_CLASS = YES_ERROR;
				CLANG_WARN_UNREACHABLE_CODE = YES;
				CLANG_WARN__DUPLICATE_METHOD_MATCH = YES;
				CODE_SIGN_IDENTITY = "-";
				COPY_PHASE_STRIP = NO;
				ENABLE_STRICT_OBJC_MSGSEND = YES;
				GCC_C_LANGUAGE_STANDARD = gnu99;
				GCC_DYNAMIC_NO_PIC = NO;
				GCC_OPTIMIZATION_LEVEL = 0;
				GCC_PREPROCESSOR_DEFINITIONS = (
					"DEBUG=1",
					"$(inherited)",
				);
				GCC_SYMBOLS_PRIVATE_EXTERN = NO;
				GCC_WARN_64_TO_32_BIT_CONVERSION = YES;
				GCC_WARN_ABOUT_RETURN_TYPE = YES_ERROR;
				GCC_WARN_UNDECLARED_SELECTOR = YES;
				GCC_WARN_UNINITIALIZED_AUTOS = YES_AGGRESSIVE;
				GCC_WARN_UNUSED_FUNCTION = YES;
				GCC_WARN_UNUSED_VARIABLE = YES;
				MACOSX_DEPLOYMENT_TARGET = 10.10;
				MTL_ENABLE_DEBUG_INFO = YES;
				ONLY_ACTIVE_ARCH = YES;
				SDKROOT = macosx;
				SWIFT_OPTIMIZATION_LEVEL = "-Onone";
			};
			name = Debug;
		};
		46056ECD1A19624E00C37628 /* Release */ = {
			isa = XCBuildConfiguration;
			buildSettings = {
				ALWAYS_SEARCH_USER_PATHS = NO;
				CLANG_CXX_LANGUAGE_STANDARD = "gnu++0x";
				CLANG_CXX_LIBRARY = "libc++";
				CLANG_ENABLE_MODULES = YES;
				CLANG_ENABLE_OBJC_ARC = YES;
				CLANG_WARN_BOOL_CONVERSION = YES;
				CLANG_WARN_CONSTANT_CONVERSION = YES;
				CLANG_WARN_DIRECT_OBJC_ISA_USAGE = YES_ERROR;
				CLANG_WARN_EMPTY_BODY = YES;
				CLANG_WARN_ENUM_CONVERSION = YES;
				CLANG_WARN_INT_CONVERSION = YES;
				CLANG_WARN_OBJC_ROOT_CLASS = YES_ERROR;
				CLANG_WARN_UNREACHABLE_CODE = YES;
				CLANG_WARN__DUPLICATE_METHOD_MATCH = YES;
				CODE_SIGN_IDENTITY = "-";
				COPY_PHASE_STRIP = YES;
				DEBUG_INFORMATION_FORMAT = "dwarf-with-dsym";
				ENABLE_NS_ASSERTIONS = NO;
				ENABLE_STRICT_OBJC_MSGSEND = YES;
				GCC_C_LANGUAGE_STANDARD = gnu99;
				GCC_WARN_64_TO_32_BIT_CONVERSION = YES;
				GCC_WARN_ABOUT_RETURN_TYPE = YES_ERROR;
				GCC_WARN_UNDECLARED_SELECTOR = YES;
				GCC_WARN_UNINITIALIZED_AUTOS = YES_AGGRESSIVE;
				GCC_WARN_UNUSED_FUNCTION = YES;
				GCC_WARN_UNUSED_VARIABLE = YES;
				MACOSX_DEPLOYMENT_TARGET = 10.10;
				MTL_ENABLE_DEBUG_INFO = NO;
				SDKROOT = macosx;
			};
			name = Release;
		};
		46056ECF1A19624E00C37628 /* Debug */ = {
			isa = XCBuildConfiguration;
			buildSettings = {
				ASSETCATALOG_COMPILER_APPICON_NAME = AppIcon;
				CODE_SIGN_IDENTITY = "Developer ID Application";
				COMBINE_HIDPI_IMAGES = YES;
				INFOPLIST_FILE = "$(SRCROOT)/Quiz Server/Info.plist";
				LD_RUNPATH_SEARCH_PATHS = "$(inherited) @executable_path/../Frameworks";
				PRODUCT_NAME = "Quiz Server";
			};
			name = Debug;
		};
		46056ED01A19624E00C37628 /* Release */ = {
			isa = XCBuildConfiguration;
			buildSettings = {
				ASSETCATALOG_COMPILER_APPICON_NAME = AppIcon;
				CODE_SIGN_IDENTITY = "Developer ID Application";
				COMBINE_HIDPI_IMAGES = YES;
				INFOPLIST_FILE = "$(SRCROOT)/Quiz Server/Info.plist";
				LD_RUNPATH_SEARCH_PATHS = "$(inherited) @executable_path/../Frameworks";
				PRODUCT_NAME = "Quiz Server";
			};
			name = Release;
		};
/* End XCBuildConfiguration section */

/* Begin XCConfigurationList section */
		46056EAF1A19624E00C37628 /* Build configuration list for PBXProject "Quiz Server" */ = {
			isa = XCConfigurationList;
			buildConfigurations = (
				46056ECC1A19624E00C37628 /* Debug */,
				46056ECD1A19624E00C37628 /* Release */,
			);
			defaultConfigurationIsVisible = 0;
			defaultConfigurationName = Release;
		};
		46056ECE1A19624E00C37628 /* Build configuration list for PBXNativeTarget "Quiz Server" */ = {
			isa = XCConfigurationList;
			buildConfigurations = (
				46056ECF1A19624E00C37628 /* Debug */,
				46056ED01A19624E00C37628 /* Release */,
			);
			defaultConfigurationIsVisible = 0;
			defaultConfigurationName = Release;
		};
/* End XCConfigurationList section */
	};
	rootObject = 46056EAC1A19624E00C37628 /* Project object */;
}
